// !$*UTF8*$!
{
	archiveVersion = 1;
	classes = {
	};
	objectVersion = 46;
	objects = {

/* Begin PBXBuildFile section */
		D323EFD2158E012300E6A754 /* PassKit.framework in Frameworks */ = {isa = PBXBuildFile; fileRef = D323EFD1158E012300E6A754 /* PassKit.framework */; };
		D364BB2E158FBF090031F0D4 /* logo.png in Resources */ = {isa = PBXBuildFile; fileRef = D364BB29158FBF090031F0D4 /* logo.png */; };
		D364BB2F158FBF090031F0D4 /* logo@2x.png in Resources */ = {isa = PBXBuildFile; fileRef = D364BB2A158FBF090031F0D4 /* logo@2x.png */; };
		D364BB30158FBF090031F0D4 /* manifest.json in Resources */ = {isa = PBXBuildFile; fileRef = D364BB2B158FBF090031F0D4 /* manifest.json */; };
		D364BB31158FBF090031F0D4 /* pass.json in Resources */ = {isa = PBXBuildFile; fileRef = D364BB2C158FBF090031F0D4 /* pass.json */; };
		D364BB35158FBF330031F0D4 /* icon.png in Resources */ = {isa = PBXBuildFile; fileRef = D364BB33158FBF330031F0D4 /* icon.png */; };
		D364BB36158FBF330031F0D4 /* icon@2x.png in Resources */ = {isa = PBXBuildFile; fileRef = D364BB34158FBF330031F0D4 /* icon@2x.png */; };
		D364BB85158FD24A0031F0D4 /* libcrypto.a in Frameworks */ = {isa = PBXBuildFile; fileRef = D364BB83158FD24A0031F0D4 /* libcrypto.a */; };
		D364BB86158FD24A0031F0D4 /* libssl.a in Frameworks */ = {isa = PBXBuildFile; fileRef = D364BB84158FD24A0031F0D4 /* libssl.a */; };
		D364BB88158FD26C0031F0D4 /* openssl_test.c in Sources */ = {isa = PBXBuildFile; fileRef = D364BB87158FD26C0031F0D4 /* openssl_test.c */; settings = {COMPILER_FLAGS = "-I."; }; };
		D3D33431158CE88E00ACAA64 /* Default.png in Resources */ = {isa = PBXBuildFile; fileRef = D3D33430158CE88E00ACAA64 /* Default.png */; };
		D3D33433158CE89900ACAA64 /* Default@2x.png in Resources */ = {isa = PBXBuildFile; fileRef = D3D33432158CE89900ACAA64 /* Default@2x.png */; };
		D3D33435158CE89F00ACAA64 /* Icon~ipad.png in Resources */ = {isa = PBXBuildFile; fileRef = D3D33434158CE89F00ACAA64 /* Icon~ipad.png */; };
		D3D33437158CE8A200ACAA64 /* Icon@2x~ipad.png in Resources */ = {isa = PBXBuildFile; fileRef = D3D33436158CE8A200ACAA64 /* Icon@2x~ipad.png */; };
		D3D33439158CE8A800ACAA64 /* Default-Portrait~ipad.png in Resources */ = {isa = PBXBuildFile; fileRef = D3D33438158CE8A800ACAA64 /* Default-Portrait~ipad.png */; };
		D3D3343B158CE8AB00ACAA64 /* Default-Portrait@2x~ipad.png in Resources */ = {isa = PBXBuildFile; fileRef = D3D3343A158CE8AB00ACAA64 /* Default-Portrait@2x~ipad.png */; };
		D3D3343D158CE8B000ACAA64 /* Default-Landscape~ipad.png in Resources */ = {isa = PBXBuildFile; fileRef = D3D3343C158CE8B000ACAA64 /* Default-Landscape~ipad.png */; };
		D3D3343F158CE8B300ACAA64 /* Default-Landscape@2x~ipad.png in Resources */ = {isa = PBXBuildFile; fileRef = D3D3343E158CE8B300ACAA64 /* Default-Landscape@2x~ipad.png */; };
		D3D657AD158E32350097B53A /* libtouchzipkit.a in Frameworks */ = {isa = PBXBuildFile; fileRef = D3D657AC158E32350097B53A /* libtouchzipkit.a */; };
		D3D657D2158E330A0097B53A /* NSData+ZKAdditions.m in Sources */ = {isa = PBXBuildFile; fileRef = D3D657B2158E330A0097B53A /* NSData+ZKAdditions.m */; settings = {COMPILER_FLAGS = "-fno-objc-arc"; }; };
		D3D657D3158E330A0097B53A /* NSDate+ZKAdditions.m in Sources */ = {isa = PBXBuildFile; fileRef = D3D657B4158E330A0097B53A /* NSDate+ZKAdditions.m */; settings = {COMPILER_FLAGS = "-fno-objc-arc"; }; };
		D3D657D4158E330A0097B53A /* NSDictionary+ZKAdditions.m in Sources */ = {isa = PBXBuildFile; fileRef = D3D657B6158E330A0097B53A /* NSDictionary+ZKAdditions.m */; settings = {COMPILER_FLAGS = "-fno-objc-arc"; }; };
		D3D657D5158E330A0097B53A /* NSFileHandle+ZKAdditions.m in Sources */ = {isa = PBXBuildFile; fileRef = D3D657B8158E330A0097B53A /* NSFileHandle+ZKAdditions.m */; settings = {COMPILER_FLAGS = "-fno-objc-arc"; }; };
		D3D657D6158E330A0097B53A /* NSFileManager+ZKAdditions.m in Sources */ = {isa = PBXBuildFile; fileRef = D3D657BA158E330A0097B53A /* NSFileManager+ZKAdditions.m */; settings = {COMPILER_FLAGS = "-fno-objc-arc"; }; };
		D3D657D7158E330A0097B53A /* NSString+ZKAdditions.m in Sources */ = {isa = PBXBuildFile; fileRef = D3D657BC158E330A0097B53A /* NSString+ZKAdditions.m */; settings = {COMPILER_FLAGS = "-fno-objc-arc"; }; };
		D3D657D8158E330A0097B53A /* ZKArchive.m in Sources */ = {isa = PBXBuildFile; fileRef = D3D657BE158E330A0097B53A /* ZKArchive.m */; settings = {COMPILER_FLAGS = "-fno-objc-arc"; }; };
		D3D657D9158E330A0097B53A /* ZKCDHeader.m in Sources */ = {isa = PBXBuildFile; fileRef = D3D657C0158E330A0097B53A /* ZKCDHeader.m */; settings = {COMPILER_FLAGS = "-fno-objc-arc"; }; };
		D3D657DA158E330A0097B53A /* ZKCDTrailer.m in Sources */ = {isa = PBXBuildFile; fileRef = D3D657C2158E330A0097B53A /* ZKCDTrailer.m */; settings = {COMPILER_FLAGS = "-fno-objc-arc"; }; };
		D3D657DB158E330A0097B53A /* ZKCDTrailer64.m in Sources */ = {isa = PBXBuildFile; fileRef = D3D657C4158E330A0097B53A /* ZKCDTrailer64.m */; settings = {COMPILER_FLAGS = "-fno-objc-arc"; }; };
		D3D657DC158E330A0097B53A /* ZKCDTrailer64Locator.m in Sources */ = {isa = PBXBuildFile; fileRef = D3D657C6158E330A0097B53A /* ZKCDTrailer64Locator.m */; settings = {COMPILER_FLAGS = "-fno-objc-arc"; }; };
		D3D657DD158E330A0097B53A /* ZKDataArchive.m in Sources */ = {isa = PBXBuildFile; fileRef = D3D657C8158E330A0097B53A /* ZKDataArchive.m */; settings = {COMPILER_FLAGS = "-fno-objc-arc"; }; };
		D3D657DE158E330A0097B53A /* ZKDefs.m in Sources */ = {isa = PBXBuildFile; fileRef = D3D657CA158E330A0097B53A /* ZKDefs.m */; settings = {COMPILER_FLAGS = "-fno-objc-arc"; }; };
		D3D657DF158E330A0097B53A /* ZKFileArchive.m in Sources */ = {isa = PBXBuildFile; fileRef = D3D657CC158E330A0097B53A /* ZKFileArchive.m */; settings = {COMPILER_FLAGS = "-fno-objc-arc"; }; };
		D3D657E0158E330A0097B53A /* ZKLFHeader.m in Sources */ = {isa = PBXBuildFile; fileRef = D3D657CE158E330A0097B53A /* ZKLFHeader.m */; settings = {COMPILER_FLAGS = "-fno-objc-arc"; }; };
		D3D657E1158E330A0097B53A /* ZKLog.m in Sources */ = {isa = PBXBuildFile; fileRef = D3D657D0158E330A0097B53A /* ZKLog.m */; settings = {COMPILER_FLAGS = "-fno-objc-arc"; }; };
		D3D657E3158E33E80097B53A /* libz.dylib in Frameworks */ = {isa = PBXBuildFile; fileRef = D3D657E2158E33E80097B53A /* libz.dylib */; };
		D3E7997A15909F18000A3E6C /* certificate.pem in Resources */ = {isa = PBXBuildFile; fileRef = D3E7997815909F18000A3E6C /* certificate.pem */; };
		D3E7997B15909F18000A3E6C /* key.pem in Resources */ = {isa = PBXBuildFile; fileRef = D3E7997915909F18000A3E6C /* key.pem */; };
		D3E799801590BE4B000A3E6C /* Starbucks.pkpass in Resources */ = {isa = PBXBuildFile; fileRef = D3E7997F1590BE4B000A3E6C /* Starbucks.pkpass */; };
		D3F58A40158CD6DA00A937D9 /* UIKit.framework in Frameworks */ = {isa = PBXBuildFile; fileRef = D3F58A3F158CD6DA00A937D9 /* UIKit.framework */; };
		D3F58A42158CD6DA00A937D9 /* Foundation.framework in Frameworks */ = {isa = PBXBuildFile; fileRef = D3F58A41158CD6DA00A937D9 /* Foundation.framework */; };
		D3F58A44158CD6DA00A937D9 /* CoreGraphics.framework in Frameworks */ = {isa = PBXBuildFile; fileRef = D3F58A43158CD6DA00A937D9 /* CoreGraphics.framework */; };
		D3F58A4A158CD6DA00A937D9 /* InfoPlist.strings in Resources */ = {isa = PBXBuildFile; fileRef = D3F58A48158CD6DA00A937D9 /* InfoPlist.strings */; };
		D3F58A4C158CD6DA00A937D9 /* main.m in Sources */ = {isa = PBXBuildFile; fileRef = D3F58A4B158CD6DA00A937D9 /* main.m */; };
		D3F58A50158CD6DA00A937D9 /* AppDelegate.m in Sources */ = {isa = PBXBuildFile; fileRef = D3F58A4F158CD6DA00A937D9 /* AppDelegate.m */; };
		D3F58A53158CD6DA00A937D9 /* MainStoryboard.storyboard in Resources */ = {isa = PBXBuildFile; fileRef = D3F58A51158CD6DA00A937D9 /* MainStoryboard.storyboard */; };
		D3F58A59158CD6DA00A937D9 /* ViewController.m in Sources */ = {isa = PBXBuildFile; fileRef = D3F58A58158CD6DA00A937D9 /* ViewController.m */; };
/* End PBXBuildFile section */

/* Begin PBXFileReference section */
		D323EFD1158E012300E6A754 /* PassKit.framework */ = {isa = PBXFileReference; lastKnownFileType = wrapper.framework; name = PassKit.framework; path = System/Library/Frameworks/PassKit.framework; sourceTree = SDKROOT; };
		D364BB10158FB9AF0031F0D4 /* Pass Creator.entitlements */ = {isa = PBXFileReference; lastKnownFileType = text.xml; path = "Pass Creator.entitlements"; sourceTree = "<group>"; };
		D364BB29158FBF090031F0D4 /* logo.png */ = {isa = PBXFileReference; lastKnownFileType = image.png; path = logo.png; sourceTree = "<group>"; };
		D364BB2A158FBF090031F0D4 /* logo@2x.png */ = {isa = PBXFileReference; lastKnownFileType = image.png; path = "logo@2x.png"; sourceTree = "<group>"; };
		D364BB2B158FBF090031F0D4 /* manifest.json */ = {isa = PBXFileReference; fileEncoding = 4; lastKnownFileType = text.json; path = manifest.json; sourceTree = "<group>"; };
		D364BB2C158FBF090031F0D4 /* pass.json */ = {isa = PBXFileReference; fileEncoding = 4; lastKnownFileType = text.json; path = pass.json; sourceTree = "<group>"; };
		D364BB33158FBF330031F0D4 /* icon.png */ = {isa = PBXFileReference; lastKnownFileType = image.png; path = icon.png; sourceTree = "<group>"; };
		D364BB34158FBF330031F0D4 /* icon@2x.png */ = {isa = PBXFileReference; lastKnownFileType = image.png; path = "icon@2x.png"; sourceTree = "<group>"; };
		D364BB38158FD2320031F0D4 /* aes.h */ = {isa = PBXFileReference; fileEncoding = 4; lastKnownFileType = sourcecode.c.h; path = aes.h; sourceTree = "<group>"; };
		D364BB39158FD2320031F0D4 /* asn1.h */ = {isa = PBXFileReference; fileEncoding = 4; lastKnownFileType = sourcecode.c.h; path = asn1.h; sourceTree = "<group>"; };
		D364BB3A158FD2320031F0D4 /* asn1_mac.h */ = {isa = PBXFileReference; fileEncoding = 4; lastKnownFileType = sourcecode.c.h; path = asn1_mac.h; sourceTree = "<group>"; };
		D364BB3B158FD2320031F0D4 /* asn1t.h */ = {isa = PBXFileReference; fileEncoding = 4; lastKnownFileType = sourcecode.c.h; path = asn1t.h; sourceTree = "<group>"; };
		D364BB3C158FD2320031F0D4 /* bio.h */ = {isa = PBXFileReference; fileEncoding = 4; lastKnownFileType = sourcecode.c.h; path = bio.h; sourceTree = "<group>"; };
		D364BB3D158FD2320031F0D4 /* blowfish.h */ = {isa = PBXFileReference; fileEncoding = 4; lastKnownFileType = sourcecode.c.h; path = blowfish.h; sourceTree = "<group>"; };
		D364BB3E158FD2320031F0D4 /* bn.h */ = {isa = PBXFileReference; fileEncoding = 4; lastKnownFileType = sourcecode.c.h; path = bn.h; sourceTree = "<group>"; };
		D364BB3F158FD2320031F0D4 /* buffer.h */ = {isa = PBXFileReference; fileEncoding = 4; lastKnownFileType = sourcecode.c.h; path = buffer.h; sourceTree = "<group>"; };
		D364BB40158FD2320031F0D4 /* camellia.h */ = {isa = PBXFileReference; fileEncoding = 4; lastKnownFileType = sourcecode.c.h; path = camellia.h; sourceTree = "<group>"; };
		D364BB41158FD2320031F0D4 /* cast.h */ = {isa = PBXFileReference; fileEncoding = 4; lastKnownFileType = sourcecode.c.h; path = cast.h; sourceTree = "<group>"; };
		D364BB42158FD2320031F0D4 /* cmac.h */ = {isa = PBXFileReference; fileEncoding = 4; lastKnownFileType = sourcecode.c.h; path = cmac.h; sourceTree = "<group>"; };
		D364BB43158FD2320031F0D4 /* cms.h */ = {isa = PBXFileReference; fileEncoding = 4; lastKnownFileType = sourcecode.c.h; path = cms.h; sourceTree = "<group>"; };
		D364BB44158FD2320031F0D4 /* comp.h */ = {isa = PBXFileReference; fileEncoding = 4; lastKnownFileType = sourcecode.c.h; path = comp.h; sourceTree = "<group>"; };
		D364BB45158FD2320031F0D4 /* conf.h */ = {isa = PBXFileReference; fileEncoding = 4; lastKnownFileType = sourcecode.c.h; path = conf.h; sourceTree = "<group>"; };
		D364BB46158FD2320031F0D4 /* conf_api.h */ = {isa = PBXFileReference; fileEncoding = 4; lastKnownFileType = sourcecode.c.h; path = conf_api.h; sourceTree = "<group>"; };
		D364BB47158FD2320031F0D4 /* crypto.h */ = {isa = PBXFileReference; fileEncoding = 4; lastKnownFileType = sourcecode.c.h; path = crypto.h; sourceTree = "<group>"; };
		D364BB48158FD2320031F0D4 /* des.h */ = {isa = PBXFileReference; fileEncoding = 4; lastKnownFileType = sourcecode.c.h; path = des.h; sourceTree = "<group>"; };
		D364BB49158FD2320031F0D4 /* des_old.h */ = {isa = PBXFileReference; fileEncoding = 4; lastKnownFileType = sourcecode.c.h; path = des_old.h; sourceTree = "<group>"; };
		D364BB4A158FD2320031F0D4 /* dh.h */ = {isa = PBXFileReference; fileEncoding = 4; lastKnownFileType = sourcecode.c.h; path = dh.h; sourceTree = "<group>"; };
		D364BB4B158FD2320031F0D4 /* dsa.h */ = {isa = PBXFileReference; fileEncoding = 4; lastKnownFileType = sourcecode.c.h; path = dsa.h; sourceTree = "<group>"; };
		D364BB4C158FD2320031F0D4 /* dso.h */ = {isa = PBXFileReference; fileEncoding = 4; lastKnownFileType = sourcecode.c.h; path = dso.h; sourceTree = "<group>"; };
		D364BB4D158FD2320031F0D4 /* dtls1.h */ = {isa = PBXFileReference; fileEncoding = 4; lastKnownFileType = sourcecode.c.h; path = dtls1.h; sourceTree = "<group>"; };
		D364BB4E158FD2320031F0D4 /* e_os2.h */ = {isa = PBXFileReference; fileEncoding = 4; lastKnownFileType = sourcecode.c.h; path = e_os2.h; sourceTree = "<group>"; };
		D364BB4F158FD2320031F0D4 /* ebcdic.h */ = {isa = PBXFileReference; fileEncoding = 4; lastKnownFileType = sourcecode.c.h; path = ebcdic.h; sourceTree = "<group>"; };
		D364BB50158FD2320031F0D4 /* ec.h */ = {isa = PBXFileReference; fileEncoding = 4; lastKnownFileType = sourcecode.c.h; path = ec.h; sourceTree = "<group>"; };
		D364BB51158FD2320031F0D4 /* ecdh.h */ = {isa = PBXFileReference; fileEncoding = 4; lastKnownFileType = sourcecode.c.h; path = ecdh.h; sourceTree = "<group>"; };
		D364BB52158FD2320031F0D4 /* ecdsa.h */ = {isa = PBXFileReference; fileEncoding = 4; lastKnownFileType = sourcecode.c.h; path = ecdsa.h; sourceTree = "<group>"; };
		D364BB53158FD2320031F0D4 /* engine.h */ = {isa = PBXFileReference; fileEncoding = 4; lastKnownFileType = sourcecode.c.h; path = engine.h; sourceTree = "<group>"; };
		D364BB54158FD2320031F0D4 /* err.h */ = {isa = PBXFileReference; fileEncoding = 4; lastKnownFileType = sourcecode.c.h; path = err.h; sourceTree = "<group>"; };
		D364BB55158FD2320031F0D4 /* evp.h */ = {isa = PBXFileReference; fileEncoding = 4; lastKnownFileType = sourcecode.c.h; path = evp.h; sourceTree = "<group>"; };
		D364BB56158FD2320031F0D4 /* hmac.h */ = {isa = PBXFileReference; fileEncoding = 4; lastKnownFileType = sourcecode.c.h; path = hmac.h; sourceTree = "<group>"; };
		D364BB57158FD2320031F0D4 /* idea.h */ = {isa = PBXFileReference; fileEncoding = 4; lastKnownFileType = sourcecode.c.h; path = idea.h; sourceTree = "<group>"; };
		D364BB58158FD2320031F0D4 /* krb5_asn.h */ = {isa = PBXFileReference; fileEncoding = 4; lastKnownFileType = sourcecode.c.h; path = krb5_asn.h; sourceTree = "<group>"; };
		D364BB59158FD2320031F0D4 /* kssl.h */ = {isa = PBXFileReference; fileEncoding = 4; lastKnownFileType = sourcecode.c.h; path = kssl.h; sourceTree = "<group>"; };
		D364BB5A158FD2320031F0D4 /* lhash.h */ = {isa = PBXFileReference; fileEncoding = 4; lastKnownFileType = sourcecode.c.h; path = lhash.h; sourceTree = "<group>"; };
		D364BB5B158FD2320031F0D4 /* md4.h */ = {isa = PBXFileReference; fileEncoding = 4; lastKnownFileType = sourcecode.c.h; path = md4.h; sourceTree = "<group>"; };
		D364BB5C158FD2320031F0D4 /* md5.h */ = {isa = PBXFileReference; fileEncoding = 4; lastKnownFileType = sourcecode.c.h; path = md5.h; sourceTree = "<group>"; };
		D364BB5D158FD2320031F0D4 /* mdc2.h */ = {isa = PBXFileReference; fileEncoding = 4; lastKnownFileType = sourcecode.c.h; path = mdc2.h; sourceTree = "<group>"; };
		D364BB5E158FD2320031F0D4 /* modes.h */ = {isa = PBXFileReference; fileEncoding = 4; lastKnownFileType = sourcecode.c.h; path = modes.h; sourceTree = "<group>"; };
		D364BB5F158FD2320031F0D4 /* obj_mac.h */ = {isa = PBXFileReference; fileEncoding = 4; lastKnownFileType = sourcecode.c.h; path = obj_mac.h; sourceTree = "<group>"; };
		D364BB60158FD2320031F0D4 /* objects.h */ = {isa = PBXFileReference; fileEncoding = 4; lastKnownFileType = sourcecode.c.h; path = objects.h; sourceTree = "<group>"; };
		D364BB61158FD2320031F0D4 /* ocsp.h */ = {isa = PBXFileReference; fileEncoding = 4; lastKnownFileType = sourcecode.c.h; path = ocsp.h; sourceTree = "<group>"; };
		D364BB62158FD2320031F0D4 /* opensslconf.h */ = {isa = PBXFileReference; fileEncoding = 4; lastKnownFileType = sourcecode.c.h; path = opensslconf.h; sourceTree = "<group>"; };
		D364BB63158FD2320031F0D4 /* opensslv.h */ = {isa = PBXFileReference; fileEncoding = 4; lastKnownFileType = sourcecode.c.h; path = opensslv.h; sourceTree = "<group>"; };
		D364BB64158FD2320031F0D4 /* ossl_typ.h */ = {isa = PBXFileReference; fileEncoding = 4; lastKnownFileType = sourcecode.c.h; path = ossl_typ.h; sourceTree = "<group>"; };
		D364BB65158FD2320031F0D4 /* pem.h */ = {isa = PBXFileReference; fileEncoding = 4; lastKnownFileType = sourcecode.c.h; path = pem.h; sourceTree = "<group>"; };
		D364BB66158FD2320031F0D4 /* pem2.h */ = {isa = PBXFileReference; fileEncoding = 4; lastKnownFileType = sourcecode.c.h; path = pem2.h; sourceTree = "<group>"; };
		D364BB67158FD2320031F0D4 /* pkcs12.h */ = {isa = PBXFileReference; fileEncoding = 4; lastKnownFileType = sourcecode.c.h; path = pkcs12.h; sourceTree = "<group>"; };
		D364BB68158FD2320031F0D4 /* pkcs7.h */ = {isa = PBXFileReference; fileEncoding = 4; lastKnownFileType = sourcecode.c.h; path = pkcs7.h; sourceTree = "<group>"; };
		D364BB69158FD2320031F0D4 /* pqueue.h */ = {isa = PBXFileReference; fileEncoding = 4; lastKnownFileType = sourcecode.c.h; path = pqueue.h; sourceTree = "<group>"; };
		D364BB6A158FD2320031F0D4 /* rand.h */ = {isa = PBXFileReference; fileEncoding = 4; lastKnownFileType = sourcecode.c.h; path = rand.h; sourceTree = "<group>"; };
		D364BB6B158FD2320031F0D4 /* rc2.h */ = {isa = PBXFileReference; fileEncoding = 4; lastKnownFileType = sourcecode.c.h; path = rc2.h; sourceTree = "<group>"; };
		D364BB6C158FD2320031F0D4 /* rc4.h */ = {isa = PBXFileReference; fileEncoding = 4; lastKnownFileType = sourcecode.c.h; path = rc4.h; sourceTree = "<group>"; };
		D364BB6D158FD2320031F0D4 /* ripemd.h */ = {isa = PBXFileReference; fileEncoding = 4; lastKnownFileType = sourcecode.c.h; path = ripemd.h; sourceTree = "<group>"; };
		D364BB6E158FD2320031F0D4 /* rsa.h */ = {isa = PBXFileReference; fileEncoding = 4; lastKnownFileType = sourcecode.c.h; path = rsa.h; sourceTree = "<group>"; };
		D364BB6F158FD2320031F0D4 /* safestack.h */ = {isa = PBXFileReference; fileEncoding = 4; lastKnownFileType = sourcecode.c.h; path = safestack.h; sourceTree = "<group>"; };
		D364BB70158FD2320031F0D4 /* seed.h */ = {isa = PBXFileReference; fileEncoding = 4; lastKnownFileType = sourcecode.c.h; path = seed.h; sourceTree = "<group>"; };
		D364BB71158FD2320031F0D4 /* sha.h */ = {isa = PBXFileReference; fileEncoding = 4; lastKnownFileType = sourcecode.c.h; path = sha.h; sourceTree = "<group>"; };
		D364BB72158FD2320031F0D4 /* srp.h */ = {isa = PBXFileReference; fileEncoding = 4; lastKnownFileType = sourcecode.c.h; path = srp.h; sourceTree = "<group>"; };
		D364BB73158FD2320031F0D4 /* srtp.h */ = {isa = PBXFileReference; fileEncoding = 4; lastKnownFileType = sourcecode.c.h; path = srtp.h; sourceTree = "<group>"; };
		D364BB74158FD2320031F0D4 /* ssl.h */ = {isa = PBXFileReference; fileEncoding = 4; lastKnownFileType = sourcecode.c.h; path = ssl.h; sourceTree = "<group>"; };
		D364BB75158FD2320031F0D4 /* ssl2.h */ = {isa = PBXFileReference; fileEncoding = 4; lastKnownFileType = sourcecode.c.h; path = ssl2.h; sourceTree = "<group>"; };
		D364BB76158FD2320031F0D4 /* ssl23.h */ = {isa = PBXFileReference; fileEncoding = 4; lastKnownFileType = sourcecode.c.h; path = ssl23.h; sourceTree = "<group>"; };
		D364BB77158FD2320031F0D4 /* ssl3.h */ = {isa = PBXFileReference; fileEncoding = 4; lastKnownFileType = sourcecode.c.h; path = ssl3.h; sourceTree = "<group>"; };
		D364BB78158FD2320031F0D4 /* stack.h */ = {isa = PBXFileReference; fileEncoding = 4; lastKnownFileType = sourcecode.c.h; path = stack.h; sourceTree = "<group>"; };
		D364BB79158FD2320031F0D4 /* symhacks.h */ = {isa = PBXFileReference; fileEncoding = 4; lastKnownFileType = sourcecode.c.h; path = symhacks.h; sourceTree = "<group>"; };
		D364BB7A158FD2320031F0D4 /* tls1.h */ = {isa = PBXFileReference; fileEncoding = 4; lastKnownFileType = sourcecode.c.h; path = tls1.h; sourceTree = "<group>"; };
		D364BB7B158FD2320031F0D4 /* ts.h */ = {isa = PBXFileReference; fileEncoding = 4; lastKnownFileType = sourcecode.c.h; path = ts.h; sourceTree = "<group>"; };
		D364BB7C158FD2320031F0D4 /* txt_db.h */ = {isa = PBXFileReference; fileEncoding = 4; lastKnownFileType = sourcecode.c.h; path = txt_db.h; sourceTree = "<group>"; };
		D364BB7D158FD2320031F0D4 /* ui.h */ = {isa = PBXFileReference; fileEncoding = 4; lastKnownFileType = sourcecode.c.h; path = ui.h; sourceTree = "<group>"; };
		D364BB7E158FD2320031F0D4 /* ui_compat.h */ = {isa = PBXFileReference; fileEncoding = 4; lastKnownFileType = sourcecode.c.h; path = ui_compat.h; sourceTree = "<group>"; };
		D364BB7F158FD2320031F0D4 /* whrlpool.h */ = {isa = PBXFileReference; fileEncoding = 4; lastKnownFileType = sourcecode.c.h; path = whrlpool.h; sourceTree = "<group>"; };
		D364BB80158FD2320031F0D4 /* x509.h */ = {isa = PBXFileReference; fileEncoding = 4; lastKnownFileType = sourcecode.c.h; path = x509.h; sourceTree = "<group>"; };
		D364BB81158FD2320031F0D4 /* x509_vfy.h */ = {isa = PBXFileReference; fileEncoding = 4; lastKnownFileType = sourcecode.c.h; path = x509_vfy.h; sourceTree = "<group>"; };
		D364BB82158FD2320031F0D4 /* x509v3.h */ = {isa = PBXFileReference; fileEncoding = 4; lastKnownFileType = sourcecode.c.h; path = x509v3.h; sourceTree = "<group>"; };
		D364BB83158FD24A0031F0D4 /* libcrypto.a */ = {isa = PBXFileReference; lastKnownFileType = archive.ar; path = libcrypto.a; sourceTree = "<group>"; };
		D364BB84158FD24A0031F0D4 /* libssl.a */ = {isa = PBXFileReference; lastKnownFileType = archive.ar; path = libssl.a; sourceTree = "<group>"; };
		D364BB87158FD26C0031F0D4 /* openssl_test.c */ = {isa = PBXFileReference; fileEncoding = 4; lastKnownFileType = sourcecode.c.c; path = openssl_test.c; sourceTree = "<group>"; };
		D364BB89158FD33F0031F0D4 /* openssl_test.h */ = {isa = PBXFileReference; lastKnownFileType = sourcecode.c.h; path = openssl_test.h; sourceTree = "<group>"; };
		D3D33430158CE88E00ACAA64 /* Default.png */ = {isa = PBXFileReference; lastKnownFileType = image.png; path = Default.png; sourceTree = "<group>"; };
		D3D33432158CE89900ACAA64 /* Default@2x.png */ = {isa = PBXFileReference; lastKnownFileType = image.png; path = "Default@2x.png"; sourceTree = "<group>"; };
		D3D33434158CE89F00ACAA64 /* Icon~ipad.png */ = {isa = PBXFileReference; lastKnownFileType = image.png; path = "Icon~ipad.png"; sourceTree = "<group>"; };
		D3D33436158CE8A200ACAA64 /* Icon@2x~ipad.png */ = {isa = PBXFileReference; lastKnownFileType = image.png; path = "Icon@2x~ipad.png"; sourceTree = "<group>"; };
		D3D33438158CE8A800ACAA64 /* Default-Portrait~ipad.png */ = {isa = PBXFileReference; lastKnownFileType = image.png; path = "Default-Portrait~ipad.png"; sourceTree = "<group>"; };
		D3D3343A158CE8AB00ACAA64 /* Default-Portrait@2x~ipad.png */ = {isa = PBXFileReference; lastKnownFileType = image.png; path = "Default-Portrait@2x~ipad.png"; sourceTree = "<group>"; };
		D3D3343C158CE8B000ACAA64 /* Default-Landscape~ipad.png */ = {isa = PBXFileReference; lastKnownFileType = image.png; path = "Default-Landscape~ipad.png"; sourceTree = "<group>"; };
		D3D3343E158CE8B300ACAA64 /* Default-Landscape@2x~ipad.png */ = {isa = PBXFileReference; lastKnownFileType = image.png; path = "Default-Landscape@2x~ipad.png"; sourceTree = "<group>"; };
		D3D657AC158E32350097B53A /* libtouchzipkit.a */ = {isa = PBXFileReference; lastKnownFileType = archive.ar; path = libtouchzipkit.a; sourceTree = "<group>"; };
		D3D657B1158E330A0097B53A /* NSData+ZKAdditions.h */ = {isa = PBXFileReference; fileEncoding = 4; lastKnownFileType = sourcecode.c.h; path = "NSData+ZKAdditions.h"; sourceTree = "<group>"; };
		D3D657B2158E330A0097B53A /* NSData+ZKAdditions.m */ = {isa = PBXFileReference; fileEncoding = 4; lastKnownFileType = sourcecode.c.objc; path = "NSData+ZKAdditions.m"; sourceTree = "<group>"; };
		D3D657B3158E330A0097B53A /* NSDate+ZKAdditions.h */ = {isa = PBXFileReference; fileEncoding = 4; lastKnownFileType = sourcecode.c.h; path = "NSDate+ZKAdditions.h"; sourceTree = "<group>"; };
		D3D657B4158E330A0097B53A /* NSDate+ZKAdditions.m */ = {isa = PBXFileReference; fileEncoding = 4; lastKnownFileType = sourcecode.c.objc; path = "NSDate+ZKAdditions.m"; sourceTree = "<group>"; };
		D3D657B5158E330A0097B53A /* NSDictionary+ZKAdditions.h */ = {isa = PBXFileReference; fileEncoding = 4; lastKnownFileType = sourcecode.c.h; path = "NSDictionary+ZKAdditions.h"; sourceTree = "<group>"; };
		D3D657B6158E330A0097B53A /* NSDictionary+ZKAdditions.m */ = {isa = PBXFileReference; fileEncoding = 4; lastKnownFileType = sourcecode.c.objc; path = "NSDictionary+ZKAdditions.m"; sourceTree = "<group>"; };
		D3D657B7158E330A0097B53A /* NSFileHandle+ZKAdditions.h */ = {isa = PBXFileReference; fileEncoding = 4; lastKnownFileType = sourcecode.c.h; path = "NSFileHandle+ZKAdditions.h"; sourceTree = "<group>"; };
		D3D657B8158E330A0097B53A /* NSFileHandle+ZKAdditions.m */ = {isa = PBXFileReference; fileEncoding = 4; lastKnownFileType = sourcecode.c.objc; path = "NSFileHandle+ZKAdditions.m"; sourceTree = "<group>"; };
		D3D657B9158E330A0097B53A /* NSFileManager+ZKAdditions.h */ = {isa = PBXFileReference; fileEncoding = 4; lastKnownFileType = sourcecode.c.h; path = "NSFileManager+ZKAdditions.h"; sourceTree = "<group>"; };
		D3D657BA158E330A0097B53A /* NSFileManager+ZKAdditions.m */ = {isa = PBXFileReference; fileEncoding = 4; lastKnownFileType = sourcecode.c.objc; path = "NSFileManager+ZKAdditions.m"; sourceTree = "<group>"; };
		D3D657BB158E330A0097B53A /* NSString+ZKAdditions.h */ = {isa = PBXFileReference; fileEncoding = 4; lastKnownFileType = sourcecode.c.h; path = "NSString+ZKAdditions.h"; sourceTree = "<group>"; };
		D3D657BC158E330A0097B53A /* NSString+ZKAdditions.m */ = {isa = PBXFileReference; fileEncoding = 4; lastKnownFileType = sourcecode.c.objc; path = "NSString+ZKAdditions.m"; sourceTree = "<group>"; };
		D3D657BD158E330A0097B53A /* ZKArchive.h */ = {isa = PBXFileReference; fileEncoding = 4; lastKnownFileType = sourcecode.c.h; path = ZKArchive.h; sourceTree = "<group>"; };
		D3D657BE158E330A0097B53A /* ZKArchive.m */ = {isa = PBXFileReference; fileEncoding = 4; lastKnownFileType = sourcecode.c.objc; path = ZKArchive.m; sourceTree = "<group>"; };
		D3D657BF158E330A0097B53A /* ZKCDHeader.h */ = {isa = PBXFileReference; fileEncoding = 4; lastKnownFileType = sourcecode.c.h; path = ZKCDHeader.h; sourceTree = "<group>"; };
		D3D657C0158E330A0097B53A /* ZKCDHeader.m */ = {isa = PBXFileReference; fileEncoding = 4; lastKnownFileType = sourcecode.c.objc; path = ZKCDHeader.m; sourceTree = "<group>"; };
		D3D657C1158E330A0097B53A /* ZKCDTrailer.h */ = {isa = PBXFileReference; fileEncoding = 4; lastKnownFileType = sourcecode.c.h; path = ZKCDTrailer.h; sourceTree = "<group>"; };
		D3D657C2158E330A0097B53A /* ZKCDTrailer.m */ = {isa = PBXFileReference; fileEncoding = 4; lastKnownFileType = sourcecode.c.objc; path = ZKCDTrailer.m; sourceTree = "<group>"; };
		D3D657C3158E330A0097B53A /* ZKCDTrailer64.h */ = {isa = PBXFileReference; fileEncoding = 4; lastKnownFileType = sourcecode.c.h; path = ZKCDTrailer64.h; sourceTree = "<group>"; };
		D3D657C4158E330A0097B53A /* ZKCDTrailer64.m */ = {isa = PBXFileReference; fileEncoding = 4; lastKnownFileType = sourcecode.c.objc; path = ZKCDTrailer64.m; sourceTree = "<group>"; };
		D3D657C5158E330A0097B53A /* ZKCDTrailer64Locator.h */ = {isa = PBXFileReference; fileEncoding = 4; lastKnownFileType = sourcecode.c.h; path = ZKCDTrailer64Locator.h; sourceTree = "<group>"; };
		D3D657C6158E330A0097B53A /* ZKCDTrailer64Locator.m */ = {isa = PBXFileReference; fileEncoding = 4; lastKnownFileType = sourcecode.c.objc; path = ZKCDTrailer64Locator.m; sourceTree = "<group>"; };
		D3D657C7158E330A0097B53A /* ZKDataArchive.h */ = {isa = PBXFileReference; fileEncoding = 4; lastKnownFileType = sourcecode.c.h; path = ZKDataArchive.h; sourceTree = "<group>"; };
		D3D657C8158E330A0097B53A /* ZKDataArchive.m */ = {isa = PBXFileReference; fileEncoding = 4; lastKnownFileType = sourcecode.c.objc; path = ZKDataArchive.m; sourceTree = "<group>"; };
		D3D657C9158E330A0097B53A /* ZKDefs.h */ = {isa = PBXFileReference; fileEncoding = 4; lastKnownFileType = sourcecode.c.h; path = ZKDefs.h; sourceTree = "<group>"; };
		D3D657CA158E330A0097B53A /* ZKDefs.m */ = {isa = PBXFileReference; fileEncoding = 4; lastKnownFileType = sourcecode.c.objc; path = ZKDefs.m; sourceTree = "<group>"; };
		D3D657CB158E330A0097B53A /* ZKFileArchive.h */ = {isa = PBXFileReference; fileEncoding = 4; lastKnownFileType = sourcecode.c.h; path = ZKFileArchive.h; sourceTree = "<group>"; };
		D3D657CC158E330A0097B53A /* ZKFileArchive.m */ = {isa = PBXFileReference; fileEncoding = 4; lastKnownFileType = sourcecode.c.objc; path = ZKFileArchive.m; sourceTree = "<group>"; };
		D3D657CD158E330A0097B53A /* ZKLFHeader.h */ = {isa = PBXFileReference; fileEncoding = 4; lastKnownFileType = sourcecode.c.h; path = ZKLFHeader.h; sourceTree = "<group>"; };
		D3D657CE158E330A0097B53A /* ZKLFHeader.m */ = {isa = PBXFileReference; fileEncoding = 4; lastKnownFileType = sourcecode.c.objc; path = ZKLFHeader.m; sourceTree = "<group>"; };
		D3D657CF158E330A0097B53A /* ZKLog.h */ = {isa = PBXFileReference; fileEncoding = 4; lastKnownFileType = sourcecode.c.h; path = ZKLog.h; sourceTree = "<group>"; };
		D3D657D0158E330A0097B53A /* ZKLog.m */ = {isa = PBXFileReference; fileEncoding = 4; lastKnownFileType = sourcecode.c.objc; path = ZKLog.m; sourceTree = "<group>"; };
		D3D657E2158E33E80097B53A /* libz.dylib */ = {isa = PBXFileReference; lastKnownFileType = "compiled.mach-o.dylib"; name = libz.dylib; path = usr/lib/libz.dylib; sourceTree = SDKROOT; };
		D3E7997815909F18000A3E6C /* certificate.pem */ = {isa = PBXFileReference; fileEncoding = 4; lastKnownFileType = text; path = certificate.pem; sourceTree = "<group>"; };
		D3E7997915909F18000A3E6C /* key.pem */ = {isa = PBXFileReference; fileEncoding = 4; lastKnownFileType = text; path = key.pem; sourceTree = "<group>"; };
		D3E7997F1590BE4B000A3E6C /* Starbucks.pkpass */ = {isa = PBXFileReference; lastKnownFileType = file; path = Starbucks.pkpass; sourceTree = "<group>"; };
		D3F58A3B158CD6DA00A937D9 /* Pass Creator.app */ = {isa = PBXFileReference; explicitFileType = wrapper.application; includeInIndex = 0; path = "Pass Creator.app"; sourceTree = BUILT_PRODUCTS_DIR; };
		D3F58A3F158CD6DA00A937D9 /* UIKit.framework */ = {isa = PBXFileReference; lastKnownFileType = wrapper.framework; name = UIKit.framework; path = System/Library/Frameworks/UIKit.framework; sourceTree = SDKROOT; };
		D3F58A41158CD6DA00A937D9 /* Foundation.framework */ = {isa = PBXFileReference; lastKnownFileType = wrapper.framework; name = Foundation.framework; path = System/Library/Frameworks/Foundation.framework; sourceTree = SDKROOT; };
		D3F58A43158CD6DA00A937D9 /* CoreGraphics.framework */ = {isa = PBXFileReference; lastKnownFileType = wrapper.framework; name = CoreGraphics.framework; path = System/Library/Frameworks/CoreGraphics.framework; sourceTree = SDKROOT; };
		D3F58A47158CD6DA00A937D9 /* Pass Creator-Info.plist */ = {isa = PBXFileReference; lastKnownFileType = text.plist.xml; path = "Pass Creator-Info.plist"; sourceTree = "<group>"; };
		D3F58A49158CD6DA00A937D9 /* en */ = {isa = PBXFileReference; lastKnownFileType = text.plist.strings; name = en; path = en.lproj/InfoPlist.strings; sourceTree = "<group>"; };
		D3F58A4B158CD6DA00A937D9 /* main.m */ = {isa = PBXFileReference; lastKnownFileType = sourcecode.c.objc; path = main.m; sourceTree = "<group>"; };
		D3F58A4D158CD6DA00A937D9 /* Pass Creator-Prefix.pch */ = {isa = PBXFileReference; lastKnownFileType = sourcecode.c.h; path = "Pass Creator-Prefix.pch"; sourceTree = "<group>"; };
		D3F58A4E158CD6DA00A937D9 /* AppDelegate.h */ = {isa = PBXFileReference; lastKnownFileType = sourcecode.c.h; path = AppDelegate.h; sourceTree = "<group>"; };
		D3F58A4F158CD6DA00A937D9 /* AppDelegate.m */ = {isa = PBXFileReference; lastKnownFileType = sourcecode.c.objc; path = AppDelegate.m; sourceTree = "<group>"; };
		D3F58A52158CD6DA00A937D9 /* en */ = {isa = PBXFileReference; lastKnownFileType = file.storyboard; name = en; path = en.lproj/MainStoryboard.storyboard; sourceTree = "<group>"; };
		D3F58A57158CD6DA00A937D9 /* ViewController.h */ = {isa = PBXFileReference; lastKnownFileType = sourcecode.c.h; path = ViewController.h; sourceTree = "<group>"; };
		D3F58A58158CD6DA00A937D9 /* ViewController.m */ = {isa = PBXFileReference; lastKnownFileType = sourcecode.c.objc; path = ViewController.m; sourceTree = "<group>"; };
/* End PBXFileReference section */

/* Begin PBXFrameworksBuildPhase section */
		D3F58A38158CD6DA00A937D9 /* Frameworks */ = {
			isa = PBXFrameworksBuildPhase;
			buildActionMask = 2147483647;
			files = (
				D364BB85158FD24A0031F0D4 /* libcrypto.a in Frameworks */,
				D364BB86158FD24A0031F0D4 /* libssl.a in Frameworks */,
				D3D657E3158E33E80097B53A /* libz.dylib in Frameworks */,
				D323EFD2158E012300E6A754 /* PassKit.framework in Frameworks */,
				D3F58A40158CD6DA00A937D9 /* UIKit.framework in Frameworks */,
				D3F58A42158CD6DA00A937D9 /* Foundation.framework in Frameworks */,
				D3F58A44158CD6DA00A937D9 /* CoreGraphics.framework in Frameworks */,
				D3D657AD158E32350097B53A /* libtouchzipkit.a in Frameworks */,
			);
			runOnlyForDeploymentPostprocessing = 0;
		};
/* End PBXFrameworksBuildPhase section */

/* Begin PBXGroup section */
		D364BB11158FBAB40031F0D4 /* Starbucks */ = {
			isa = PBXGroup;
			children = (
			);
			path = Starbucks;
			sourceTree = "<group>";
		};
		D364BB37158FD2320031F0D4 /* openssl */ = {
			isa = PBXGroup;
			children = (
				D364BB38158FD2320031F0D4 /* aes.h */,
				D364BB39158FD2320031F0D4 /* asn1.h */,
				D364BB3A158FD2320031F0D4 /* asn1_mac.h */,
				D364BB3B158FD2320031F0D4 /* asn1t.h */,
				D364BB3C158FD2320031F0D4 /* bio.h */,
				D364BB3D158FD2320031F0D4 /* blowfish.h */,
				D364BB3E158FD2320031F0D4 /* bn.h */,
				D364BB3F158FD2320031F0D4 /* buffer.h */,
				D364BB40158FD2320031F0D4 /* camellia.h */,
				D364BB41158FD2320031F0D4 /* cast.h */,
				D364BB42158FD2320031F0D4 /* cmac.h */,
				D364BB43158FD2320031F0D4 /* cms.h */,
				D364BB44158FD2320031F0D4 /* comp.h */,
				D364BB45158FD2320031F0D4 /* conf.h */,
				D364BB46158FD2320031F0D4 /* conf_api.h */,
				D364BB47158FD2320031F0D4 /* crypto.h */,
				D364BB48158FD2320031F0D4 /* des.h */,
				D364BB49158FD2320031F0D4 /* des_old.h */,
				D364BB4A158FD2320031F0D4 /* dh.h */,
				D364BB4B158FD2320031F0D4 /* dsa.h */,
				D364BB4C158FD2320031F0D4 /* dso.h */,
				D364BB4D158FD2320031F0D4 /* dtls1.h */,
				D364BB4E158FD2320031F0D4 /* e_os2.h */,
				D364BB4F158FD2320031F0D4 /* ebcdic.h */,
				D364BB50158FD2320031F0D4 /* ec.h */,
				D364BB51158FD2320031F0D4 /* ecdh.h */,
				D364BB52158FD2320031F0D4 /* ecdsa.h */,
				D364BB53158FD2320031F0D4 /* engine.h */,
				D364BB54158FD2320031F0D4 /* err.h */,
				D364BB55158FD2320031F0D4 /* evp.h */,
				D364BB56158FD2320031F0D4 /* hmac.h */,
				D364BB57158FD2320031F0D4 /* idea.h */,
				D364BB58158FD2320031F0D4 /* krb5_asn.h */,
				D364BB59158FD2320031F0D4 /* kssl.h */,
				D364BB5A158FD2320031F0D4 /* lhash.h */,
				D364BB5B158FD2320031F0D4 /* md4.h */,
				D364BB5C158FD2320031F0D4 /* md5.h */,
				D364BB5D158FD2320031F0D4 /* mdc2.h */,
				D364BB5E158FD2320031F0D4 /* modes.h */,
				D364BB5F158FD2320031F0D4 /* obj_mac.h */,
				D364BB60158FD2320031F0D4 /* objects.h */,
				D364BB61158FD2320031F0D4 /* ocsp.h */,
				D364BB62158FD2320031F0D4 /* opensslconf.h */,
				D364BB63158FD2320031F0D4 /* opensslv.h */,
				D364BB64158FD2320031F0D4 /* ossl_typ.h */,
				D364BB65158FD2320031F0D4 /* pem.h */,
				D364BB66158FD2320031F0D4 /* pem2.h */,
				D364BB67158FD2320031F0D4 /* pkcs12.h */,
				D364BB68158FD2320031F0D4 /* pkcs7.h */,
				D364BB69158FD2320031F0D4 /* pqueue.h */,
				D364BB6A158FD2320031F0D4 /* rand.h */,
				D364BB6B158FD2320031F0D4 /* rc2.h */,
				D364BB6C158FD2320031F0D4 /* rc4.h */,
				D364BB6D158FD2320031F0D4 /* ripemd.h */,
				D364BB6E158FD2320031F0D4 /* rsa.h */,
				D364BB6F158FD2320031F0D4 /* safestack.h */,
				D364BB70158FD2320031F0D4 /* seed.h */,
				D364BB71158FD2320031F0D4 /* sha.h */,
				D364BB72158FD2320031F0D4 /* srp.h */,
				D364BB73158FD2320031F0D4 /* srtp.h */,
				D364BB74158FD2320031F0D4 /* ssl.h */,
				D364BB75158FD2320031F0D4 /* ssl2.h */,
				D364BB76158FD2320031F0D4 /* ssl23.h */,
				D364BB77158FD2320031F0D4 /* ssl3.h */,
				D364BB78158FD2320031F0D4 /* stack.h */,
				D364BB79158FD2320031F0D4 /* symhacks.h */,
				D364BB7A158FD2320031F0D4 /* tls1.h */,
				D364BB7B158FD2320031F0D4 /* ts.h */,
				D364BB7C158FD2320031F0D4 /* txt_db.h */,
				D364BB7D158FD2320031F0D4 /* ui.h */,
				D364BB7E158FD2320031F0D4 /* ui_compat.h */,
				D364BB7F158FD2320031F0D4 /* whrlpool.h */,
				D364BB80158FD2320031F0D4 /* x509.h */,
				D364BB81158FD2320031F0D4 /* x509_vfy.h */,
				D364BB82158FD2320031F0D4 /* x509v3.h */,
			);
			path = openssl;
			sourceTree = "<group>";
		};
		D3D657AE158E330A0097B53A /* ZipKit */ = {
			isa = PBXGroup;
			children = (
				D3D657B1158E330A0097B53A /* NSData+ZKAdditions.h */,
				D3D657B2158E330A0097B53A /* NSData+ZKAdditions.m */,
				D3D657B3158E330A0097B53A /* NSDate+ZKAdditions.h */,
				D3D657B4158E330A0097B53A /* NSDate+ZKAdditions.m */,
				D3D657B5158E330A0097B53A /* NSDictionary+ZKAdditions.h */,
				D3D657B6158E330A0097B53A /* NSDictionary+ZKAdditions.m */,
				D3D657B7158E330A0097B53A /* NSFileHandle+ZKAdditions.h */,
				D3D657B8158E330A0097B53A /* NSFileHandle+ZKAdditions.m */,
				D3D657B9158E330A0097B53A /* NSFileManager+ZKAdditions.h */,
				D3D657BA158E330A0097B53A /* NSFileManager+ZKAdditions.m */,
				D3D657BB158E330A0097B53A /* NSString+ZKAdditions.h */,
				D3D657BC158E330A0097B53A /* NSString+ZKAdditions.m */,
				D3D657BD158E330A0097B53A /* ZKArchive.h */,
				D3D657BE158E330A0097B53A /* ZKArchive.m */,
				D3D657BF158E330A0097B53A /* ZKCDHeader.h */,
				D3D657C0158E330A0097B53A /* ZKCDHeader.m */,
				D3D657C1158E330A0097B53A /* ZKCDTrailer.h */,
				D3D657C2158E330A0097B53A /* ZKCDTrailer.m */,
				D3D657C3158E330A0097B53A /* ZKCDTrailer64.h */,
				D3D657C4158E330A0097B53A /* ZKCDTrailer64.m */,
				D3D657C5158E330A0097B53A /* ZKCDTrailer64Locator.h */,
				D3D657C6158E330A0097B53A /* ZKCDTrailer64Locator.m */,
				D3D657C7158E330A0097B53A /* ZKDataArchive.h */,
				D3D657C8158E330A0097B53A /* ZKDataArchive.m */,
				D3D657C9158E330A0097B53A /* ZKDefs.h */,
				D3D657CA158E330A0097B53A /* ZKDefs.m */,
				D3D657CB158E330A0097B53A /* ZKFileArchive.h */,
				D3D657CC158E330A0097B53A /* ZKFileArchive.m */,
				D3D657CD158E330A0097B53A /* ZKLFHeader.h */,
				D3D657CE158E330A0097B53A /* ZKLFHeader.m */,
				D3D657CF158E330A0097B53A /* ZKLog.h */,
				D3D657D0158E330A0097B53A /* ZKLog.m */,
			);
			path = ZipKit;
			sourceTree = "<group>";
		};
		D3F58A30158CD6DA00A937D9 = {
			isa = PBXGroup;
			children = (
				D3E7997F1590BE4B000A3E6C /* Starbucks.pkpass */,
				D364BB89158FD33F0031F0D4 /* openssl_test.h */,
				D364BB87158FD26C0031F0D4 /* openssl_test.c */,
				D3E7997815909F18000A3E6C /* certificate.pem */,
				D3E7997915909F18000A3E6C /* key.pem */,
				D364BB83158FD24A0031F0D4 /* libcrypto.a */,
				D364BB84158FD24A0031F0D4 /* libssl.a */,
				D364BB37158FD2320031F0D4 /* openssl */,
				D364BB33158FBF330031F0D4 /* icon.png */,
				D364BB34158FBF330031F0D4 /* icon@2x.png */,
				D364BB29158FBF090031F0D4 /* logo.png */,
				D364BB2A158FBF090031F0D4 /* logo@2x.png */,
				D364BB2B158FBF090031F0D4 /* manifest.json */,
				D364BB2C158FBF090031F0D4 /* pass.json */,
				D3D657E2158E33E80097B53A /* libz.dylib */,
				D323EFD1158E012300E6A754 /* PassKit.framework */,
				D3D3343E158CE8B300ACAA64 /* Default-Landscape@2x~ipad.png */,
				D3D3343C158CE8B000ACAA64 /* Default-Landscape~ipad.png */,
				D3D3343A158CE8AB00ACAA64 /* Default-Portrait@2x~ipad.png */,
				D3D33438158CE8A800ACAA64 /* Default-Portrait~ipad.png */,
				D3D33436158CE8A200ACAA64 /* Icon@2x~ipad.png */,
				D3D33434158CE89F00ACAA64 /* Icon~ipad.png */,
				D364BB11158FBAB40031F0D4 /* Starbucks */,
				D3D33432158CE89900ACAA64 /* Default@2x.png */,
				D3D33430158CE88E00ACAA64 /* Default.png */,
				D3D657AE158E330A0097B53A /* ZipKit */,
				D3F58A45158CD6DA00A937D9 /* Pass Creator */,
				D3F58A3E158CD6DA00A937D9 /* Frameworks */,
				D3F58A3C158CD6DA00A937D9 /* Products */,
			);
			sourceTree = "<group>";
		};
		D3F58A3C158CD6DA00A937D9 /* Products */ = {
			isa = PBXGroup;
			children = (
				D3F58A3B158CD6DA00A937D9 /* Pass Creator.app */,
			);
			name = Products;
			sourceTree = "<group>";
		};
		D3F58A3E158CD6DA00A937D9 /* Frameworks */ = {
			isa = PBXGroup;
			children = (
				D3D657AC158E32350097B53A /* libtouchzipkit.a */,
				D3F58A3F158CD6DA00A937D9 /* UIKit.framework */,
				D3F58A41158CD6DA00A937D9 /* Foundation.framework */,
				D3F58A43158CD6DA00A937D9 /* CoreGraphics.framework */,
			);
			name = Frameworks;
			sourceTree = "<group>";
		};
		D3F58A45158CD6DA00A937D9 /* Pass Creator */ = {
			isa = PBXGroup;
			children = (
				D364BB10158FB9AF0031F0D4 /* Pass Creator.entitlements */,
				D3F58A4E158CD6DA00A937D9 /* AppDelegate.h */,
				D3F58A4F158CD6DA00A937D9 /* AppDelegate.m */,
				D3F58A51158CD6DA00A937D9 /* MainStoryboard.storyboard */,
				D3F58A57158CD6DA00A937D9 /* ViewController.h */,
				D3F58A58158CD6DA00A937D9 /* ViewController.m */,
				D3F58A46158CD6DA00A937D9 /* Supporting Files */,
			);
			path = "Pass Creator";
			sourceTree = "<group>";
		};
		D3F58A46158CD6DA00A937D9 /* Supporting Files */ = {
			isa = PBXGroup;
			children = (
				D3F58A47158CD6DA00A937D9 /* Pass Creator-Info.plist */,
				D3F58A48158CD6DA00A937D9 /* InfoPlist.strings */,
				D3F58A4B158CD6DA00A937D9 /* main.m */,
				D3F58A4D158CD6DA00A937D9 /* Pass Creator-Prefix.pch */,
			);
			name = "Supporting Files";
			sourceTree = "<group>";
		};
/* End PBXGroup section */

/* Begin PBXNativeTarget section */
		D3F58A3A158CD6DA00A937D9 /* Pass Creator */ = {
			isa = PBXNativeTarget;
			buildConfigurationList = D3F58A5C158CD6DA00A937D9 /* Build configuration list for PBXNativeTarget "Pass Creator" */;
			buildPhases = (
				D3F58A37158CD6DA00A937D9 /* Sources */,
				D3F58A38158CD6DA00A937D9 /* Frameworks */,
				D3F58A39158CD6DA00A937D9 /* Resources */,
			);
			buildRules = (
			);
			dependencies = (
			);
			name = "Pass Creator";
			productName = "Pass Creator";
			productReference = D3F58A3B158CD6DA00A937D9 /* Pass Creator.app */;
			productType = "com.apple.product-type.application";
		};
/* End PBXNativeTarget section */

/* Begin PBXProject section */
		D3F58A32158CD6DA00A937D9 /* Project object */ = {
			isa = PBXProject;
			attributes = {
				LastUpgradeCheck = 0450;
				ORGANIZATIONNAME = "Paul Wagener";
			};
			buildConfigurationList = D3F58A35158CD6DA00A937D9 /* Build configuration list for PBXProject "Pass Creator" */;
			compatibilityVersion = "Xcode 3.2";
			developmentRegion = English;
			hasScannedForEncodings = 0;
			knownRegions = (
				en,
			);
			mainGroup = D3F58A30158CD6DA00A937D9;
			productRefGroup = D3F58A3C158CD6DA00A937D9 /* Products */;
			projectDirPath = "";
			projectRoot = "";
			targets = (
				D3F58A3A158CD6DA00A937D9 /* Pass Creator */,
			);
		};
/* End PBXProject section */

/* Begin PBXResourcesBuildPhase section */
		D3F58A39158CD6DA00A937D9 /* Resources */ = {
			isa = PBXResourcesBuildPhase;
			buildActionMask = 2147483647;
			files = (
				D3F58A4A158CD6DA00A937D9 /* InfoPlist.strings in Resources */,
				D3F58A53158CD6DA00A937D9 /* MainStoryboard.storyboard in Resources */,
				D3D33431158CE88E00ACAA64 /* Default.png in Resources */,
				D3D33433158CE89900ACAA64 /* Default@2x.png in Resources */,
				D3D33435158CE89F00ACAA64 /* Icon~ipad.png in Resources */,
				D3D33437158CE8A200ACAA64 /* Icon@2x~ipad.png in Resources */,
				D3D33439158CE8A800ACAA64 /* Default-Portrait~ipad.png in Resources */,
				D3D3343B158CE8AB00ACAA64 /* Default-Portrait@2x~ipad.png in Resources */,
				D3D3343D158CE8B000ACAA64 /* Default-Landscape~ipad.png in Resources */,
				D3D3343F158CE8B300ACAA64 /* Default-Landscape@2x~ipad.png in Resources */,
				D364BB2E158FBF090031F0D4 /* logo.png in Resources */,
				D364BB2F158FBF090031F0D4 /* logo@2x.png in Resources */,
				D364BB30158FBF090031F0D4 /* manifest.json in Resources */,
				D364BB31158FBF090031F0D4 /* pass.json in Resources */,
				D364BB35158FBF330031F0D4 /* icon.png in Resources */,
				D364BB36158FBF330031F0D4 /* icon@2x.png in Resources */,
				D3E7997A15909F18000A3E6C /* certificate.pem in Resources */,
				D3E7997B15909F18000A3E6C /* key.pem in Resources */,
				D3E799801590BE4B000A3E6C /* Starbucks.pkpass in Resources */,
			);
			runOnlyForDeploymentPostprocessing = 0;
		};
/* End PBXResourcesBuildPhase section */

/* Begin PBXSourcesBuildPhase section */
		D3F58A37158CD6DA00A937D9 /* Sources */ = {
			isa = PBXSourcesBuildPhase;
			buildActionMask = 2147483647;
			files = (
				D3F58A4C158CD6DA00A937D9 /* main.m in Sources */,
				D3F58A50158CD6DA00A937D9 /* AppDelegate.m in Sources */,
				D3F58A59158CD6DA00A937D9 /* ViewController.m in Sources */,
				D3D657D2158E330A0097B53A /* NSData+ZKAdditions.m in Sources */,
				D3D657D3158E330A0097B53A /* NSDate+ZKAdditions.m in Sources */,
				D3D657D4158E330A0097B53A /* NSDictionary+ZKAdditions.m in Sources */,
				D3D657D5158E330A0097B53A /* NSFileHandle+ZKAdditions.m in Sources */,
				D3D657D6158E330A0097B53A /* NSFileManager+ZKAdditions.m in Sources */,
				D3D657D7158E330A0097B53A /* NSString+ZKAdditions.m in Sources */,
				D3D657D8158E330A0097B53A /* ZKArchive.m in Sources */,
				D3D657D9158E330A0097B53A /* ZKCDHeader.m in Sources */,
				D3D657DA158E330A0097B53A /* ZKCDTrailer.m in Sources */,
				D3D657DB158E330A0097B53A /* ZKCDTrailer64.m in Sources */,
				D3D657DC158E330A0097B53A /* ZKCDTrailer64Locator.m in Sources */,
				D3D657DD158E330A0097B53A /* ZKDataArchive.m in Sources */,
				D3D657DE158E330A0097B53A /* ZKDefs.m in Sources */,
				D3D657DF158E330A0097B53A /* ZKFileArchive.m in Sources */,
				D3D657E0158E330A0097B53A /* ZKLFHeader.m in Sources */,
				D3D657E1158E330A0097B53A /* ZKLog.m in Sources */,
				D364BB88158FD26C0031F0D4 /* openssl_test.c in Sources */,
			);
			runOnlyForDeploymentPostprocessing = 0;
		};
/* End PBXSourcesBuildPhase section */

/* Begin PBXVariantGroup section */
		D3F58A48158CD6DA00A937D9 /* InfoPlist.strings */ = {
			isa = PBXVariantGroup;
			children = (
				D3F58A49158CD6DA00A937D9 /* en */,
			);
			name = InfoPlist.strings;
			sourceTree = "<group>";
		};
		D3F58A51158CD6DA00A937D9 /* MainStoryboard.storyboard */ = {
			isa = PBXVariantGroup;
			children = (
				D3F58A52158CD6DA00A937D9 /* en */,
			);
			name = MainStoryboard.storyboard;
			sourceTree = "<group>";
		};
/* End PBXVariantGroup section */

/* Begin XCBuildConfiguration section */
		D3F58A5A158CD6DA00A937D9 /* Debug */ = {
			isa = XCBuildConfiguration;
			buildSettings = {
				ALWAYS_SEARCH_USER_PATHS = NO;
				CLANG_CXX_LANGUAGE_STANDARD = "gnu++0x";
				CLANG_ENABLE_OBJC_ARC = YES;
				CLANG_WARN__DUPLICATE_METHOD_MATCH = YES;
				"CODE_SIGN_IDENTITY[sdk=iphoneos*]" = "iPhone Developer";
				COPY_PHASE_STRIP = NO;
				GCC_C_LANGUAGE_STANDARD = gnu99;
				GCC_DYNAMIC_NO_PIC = NO;
				GCC_OPTIMIZATION_LEVEL = 0;
				GCC_PREPROCESSOR_DEFINITIONS = (
					"DEBUG=1",
					"$(inherited)",
				);
				GCC_SYMBOLS_PRIVATE_EXTERN = NO;
				GCC_WARN_ABOUT_RETURN_TYPE = YES;
				GCC_WARN_UNINITIALIZED_AUTOS = YES;
				GCC_WARN_UNUSED_VARIABLE = YES;
				IPHONEOS_DEPLOYMENT_TARGET = 6.0;
				SDKROOT = iphoneos;
				TARGETED_DEVICE_FAMILY = "1,2";
			};
			name = Debug;
		};
		D3F58A5B158CD6DA00A937D9 /* Release */ = {
			isa = XCBuildConfiguration;
			buildSettings = {
				ALWAYS_SEARCH_USER_PATHS = NO;
				CLANG_CXX_LANGUAGE_STANDARD = "gnu++0x";
				CLANG_ENABLE_OBJC_ARC = YES;
				CLANG_WARN__DUPLICATE_METHOD_MATCH = YES;
				"CODE_SIGN_IDENTITY[sdk=iphoneos*]" = "iPhone Developer";
				COPY_PHASE_STRIP = YES;
				GCC_C_LANGUAGE_STANDARD = gnu99;
				GCC_WARN_ABOUT_RETURN_TYPE = YES;
				GCC_WARN_UNINITIALIZED_AUTOS = YES;
				GCC_WARN_UNUSED_VARIABLE = YES;
				IPHONEOS_DEPLOYMENT_TARGET = 6.0;
				OTHER_CFLAGS = "-DNS_BLOCK_ASSERTIONS=1";
				SDKROOT = iphoneos;
				TARGETED_DEVICE_FAMILY = "1,2";
				VALIDATE_PRODUCT = YES;
			};
			name = Release;
		};
		D3F58A5D158CD6DA00A937D9 /* Debug */ = {
			isa = XCBuildConfiguration;
			buildSettings = {
				GCC_PRECOMPILE_PREFIX_HEADER = YES;
				GCC_PREFIX_HEADER = "Pass Creator/Pass Creator-Prefix.pch";
				INFOPLIST_FILE = "Pass Creator/Pass Creator-Info.plist";
				IPHONEOS_DEPLOYMENT_TARGET = 5.0;
				LIBRARY_SEARCH_PATHS = (
					"$(inherited)",
					"\"$(SRCROOT)\"",
				);
				PRODUCT_NAME = "$(TARGET_NAME)";
				TARGETED_DEVICE_FAMILY = 1;
				WRAPPER_EXTENSION = app;
			};
			name = Debug;
		};
		D3F58A5E158CD6DA00A937D9 /* Release */ = {
			isa = XCBuildConfiguration;
			buildSettings = {
				GCC_PRECOMPILE_PREFIX_HEADER = YES;
				GCC_PREFIX_HEADER = "Pass Creator/Pass Creator-Prefix.pch";
				INFOPLIST_FILE = "Pass Creator/Pass Creator-Info.plist";
				IPHONEOS_DEPLOYMENT_TARGET = 5.0;
				LIBRARY_SEARCH_PATHS = (
					"$(inherited)",
					"\"$(SRCROOT)\"",
				);
				PRODUCT_NAME = "$(TARGET_NAME)";
				TARGETED_DEVICE_FAMILY = 1;
				WRAPPER_EXTENSION = app;
			};
			name = Release;
		};
/* End XCBuildConfiguration section */

/* Begin XCConfigurationList section */
		D3F58A35158CD6DA00A937D9 /* Build configuration list for PBXProject "Pass Creator" */ = {
			isa = XCConfigurationList;
			buildConfigurations = (
				D3F58A5A158CD6DA00A937D9 /* Debug */,
				D3F58A5B158CD6DA00A937D9 /* Release */,
			);
			defaultConfigurationIsVisible = 0;
			defaultConfigurationName = Release;
		};
		D3F58A5C158CD6DA00A937D9 /* Build configuration list for PBXNativeTarget "Pass Creator" */ = {
			isa = XCConfigurationList;
			buildConfigurations = (
				D3F58A5D158CD6DA00A937D9 /* Debug */,
				D3F58A5E158CD6DA00A937D9 /* Release */,
			);
			defaultConfigurationIsVisible = 0;
			defaultConfigurationName = Release;
		};
/* End XCConfigurationList section */
	};
	rootObject = D3F58A32158CD6DA00A937D9 /* Project object */;
}
