// !$*UTF8*$!
{
	archiveVersion = 1;
	classes = {
	};
	objectVersion = 46;
	objects = {

/* Begin PBXBuildFile section */
		D304393F15DBD77E00AA342A /* sheen_event@2x.png in Resources */ = {isa = PBXBuildFile; fileRef = D304393E15DBD77E00AA342A /* sheen_event@2x.png */; };
		D312F4B3160E2E6800621EAF /* libzbar.a in Frameworks */ = {isa = PBXBuildFile; fileRef = D312F49B160E2E6800621EAF /* libzbar.a */; };
		D312F4CB160E2F2800621EAF /* BarScannerController.m in Sources */ = {isa = PBXBuildFile; fileRef = D312F4CA160E2F2800621EAF /* BarScannerController.m */; };
		D312F4E8160E35A700621EAF /* libiconv.dylib in Frameworks */ = {isa = PBXBuildFile; fileRef = D312F4E7160E35A700621EAF /* libiconv.dylib */; };
		D312F4EA160E368800621EAF /* AVFoundation.framework in Frameworks */ = {isa = PBXBuildFile; fileRef = D312F4E9160E368800621EAF /* AVFoundation.framework */; };
		D312F4EC160E36A300621EAF /* CoreVideo.framework in Frameworks */ = {isa = PBXBuildFile; fileRef = D312F4EB160E36A300621EAF /* CoreVideo.framework */; };
		D312F4EE160E36B200621EAF /* CoreMedia.framework in Frameworks */ = {isa = PBXBuildFile; fileRef = D312F4ED160E36B200621EAF /* CoreMedia.framework */; };
		D323EFD2158E012300E6A754 /* PassKit.framework in Frameworks */ = {isa = PBXBuildFile; fileRef = D323EFD1158E012300E6A754 /* PassKit.framework */; };
		D32525A616022C8D00CFFA18 /* Default-568h@2x.png in Resources */ = {isa = PBXBuildFile; fileRef = D32525A516022C8D00CFFA18 /* Default-568h@2x.png */; };
		D32525B916025D1700CFFA18 /* AppleWWDRCA.cer in Resources */ = {isa = PBXBuildFile; fileRef = D32525B816025BB600CFFA18 /* AppleWWDRCA.cer */; };
		D32E641A15FB84CD00F3F874 /* Credits.m in Sources */ = {isa = PBXBuildFile; fileRef = D32E641915FB84CD00F3F874 /* Credits.m */; };
		D34A27CF16A30E2B00459B57 /* key.pem in Resources */ = {isa = PBXBuildFile; fileRef = D34A27CE16A30E2B00459B57 /* key.pem */; };
		D3540E3915FBB89100801B49 /* BuyCreditsController.m in Sources */ = {isa = PBXBuildFile; fileRef = D3540E3815FBB89100801B49 /* BuyCreditsController.m */; };
		D3540E3B15FBBE4900801B49 /* StoreKit.framework in Frameworks */ = {isa = PBXBuildFile; fileRef = D3540E3A15FBBE4900801B49 /* StoreKit.framework */; };
		D3540E3D15FCC30F00801B49 /* Icon@2x.png in Resources */ = {isa = PBXBuildFile; fileRef = D3540E3C15FCC30F00801B49 /* Icon@2x.png */; };
		D3540E3F15FCC31400801B49 /* Icon.png in Resources */ = {isa = PBXBuildFile; fileRef = D3540E3E15FCC31400801B49 /* Icon.png */; };
		D35A4D01160DC00F00C94625 /* libcrypto.a in Frameworks */ = {isa = PBXBuildFile; fileRef = D364BB83158FD24A0031F0D4 /* libcrypto.a */; };
		D35A4D20160DE81000C94625 /* LaunchImageController.m in Sources */ = {isa = PBXBuildFile; fileRef = D35A4D1F160DE81000C94625 /* LaunchImageController.m */; };
		D35A4D22160DE98C00C94625 /* table_background.png in Resources */ = {isa = PBXBuildFile; fileRef = D35A4D21160DE98C00C94625 /* table_background.png */; };
		D37D992A15D6ADF30086E0EC /* ColorPickerCircle.m in Sources */ = {isa = PBXBuildFile; fileRef = D37D992915D6ADF30086E0EC /* ColorPickerCircle.m */; };
		D37D992D15D6B0E20086E0EC /* ScrollViewContainingDraggable.m in Sources */ = {isa = PBXBuildFile; fileRef = D37D992C15D6B0E20086E0EC /* ScrollViewContainingDraggable.m */; };
		D37D993315D7A5D90086E0EC /* QuartzCore.framework in Frameworks */ = {isa = PBXBuildFile; fileRef = D37D993215D7A5D90086E0EC /* QuartzCore.framework */; };
		D37D993615D7B3FC0086E0EC /* BorderTextField.m in Sources */ = {isa = PBXBuildFile; fileRef = D37D993515D7B3FB0086E0EC /* BorderTextField.m */; };
		D37D994515D7E0E20086E0EC /* transit_boat@2x.png in Resources */ = {isa = PBXBuildFile; fileRef = D37D994015D7E0E20086E0EC /* transit_boat@2x.png */; };
		D37D994615D7E0E20086E0EC /* transit_bus@2x.png in Resources */ = {isa = PBXBuildFile; fileRef = D37D994115D7E0E20086E0EC /* transit_bus@2x.png */; };
		D37D994715D7E0E20086E0EC /* transit_generic@2x.png in Resources */ = {isa = PBXBuildFile; fileRef = D37D994215D7E0E20086E0EC /* transit_generic@2x.png */; };
		D37D994815D7E0E20086E0EC /* transit_plane@2x.png in Resources */ = {isa = PBXBuildFile; fileRef = D37D994315D7E0E20086E0EC /* transit_plane@2x.png */; };
		D37D994915D7E0E20086E0EC /* transit_train@2x.png in Resources */ = {isa = PBXBuildFile; fileRef = D37D994415D7E0E20086E0EC /* transit_train@2x.png */; };
		D392AAFA15D933500059FB02 /* Pass.m in Sources */ = {isa = PBXBuildFile; fileRef = D392AAF915D933500059FB02 /* Pass.m */; };
		D392AAFE15D93BC70059FB02 /* JSONKit.m in Sources */ = {isa = PBXBuildFile; fileRef = D392AAFD15D93BC70059FB02 /* JSONKit.m */; settings = {COMPILER_FLAGS = "-fno-objc-arc -w"; }; };
		D392AB0A15D93CC50059FB02 /* border_notched@2x.png in Resources */ = {isa = PBXBuildFile; fileRef = D392AAFF15D93CC50059FB02 /* border_notched@2x.png */; };
		D392AB0B15D93CC50059FB02 /* border_perforated@2x.png in Resources */ = {isa = PBXBuildFile; fileRef = D392AB0015D93CC50059FB02 /* border_perforated@2x.png */; };
		D392AB0C15D93CC50059FB02 /* border_plain@2x.png in Resources */ = {isa = PBXBuildFile; fileRef = D392AB0115D93CC50059FB02 /* border_plain@2x.png */; };
		D392AB0D15D93CC50059FB02 /* border_scalloped@2x.png in Resources */ = {isa = PBXBuildFile; fileRef = D392AB0215D93CC50059FB02 /* border_scalloped@2x.png */; };
		D392AB0E15D93CC50059FB02 /* border_square@2x.png in Resources */ = {isa = PBXBuildFile; fileRef = D392AB0315D93CC50059FB02 /* border_square@2x.png */; };
		D392AB0F15D93CC50059FB02 /* ColorPicker.png in Resources */ = {isa = PBXBuildFile; fileRef = D392AB0415D93CC50059FB02 /* ColorPicker.png */; };
		D392AB1115D93CC50059FB02 /* ColorPickerTarget.png in Resources */ = {isa = PBXBuildFile; fileRef = D392AB0615D93CC50059FB02 /* ColorPickerTarget.png */; };
		D392AB1415D93CC50059FB02 /* separator.png in Resources */ = {isa = PBXBuildFile; fileRef = D392AB0915D93CC50059FB02 /* separator.png */; };
		D392AB1615DA72990059FB02 /* sheen.png in Resources */ = {isa = PBXBuildFile; fileRef = D392AB1515DA72990059FB02 /* sheen.png */; };
		D392AB1915DA85620059FB02 /* ImagePickerButton.m in Sources */ = {isa = PBXBuildFile; fileRef = D392AB1815DA85620059FB02 /* ImagePickerButton.m */; };
		D39ACFF315DBCDAB00FDBE69 /* CoreImage.framework in Frameworks */ = {isa = PBXBuildFile; fileRef = D39ACFF215DBCDAB00FDBE69 /* CoreImage.framework */; };
		D39ACFF615DBCE9A00FDBE69 /* UIImage+StackBlur.m in Sources */ = {isa = PBXBuildFile; fileRef = D39ACFF515DBCE9A00FDBE69 /* UIImage+StackBlur.m */; };
		D3B04E2B1592033A00836AD6 /* PassBundle.mm in Sources */ = {isa = PBXBuildFile; fileRef = D3B04E281592033A00836AD6 /* PassBundle.mm */; settings = {COMPILER_FLAGS = "-I."; }; };
		D3B04E2C1592033A00836AD6 /* PassBundleSign.cpp in Sources */ = {isa = PBXBuildFile; fileRef = D3B04E291592033A00836AD6 /* PassBundleSign.cpp */; settings = {COMPILER_FLAGS = "-I."; }; };
		D3BCEA5E15FCE4F7009989C5 /* facebook.png in Resources */ = {isa = PBXBuildFile; fileRef = D3BCEA5C15FCE4F7009989C5 /* facebook.png */; };
		D3BCEA5F15FCE4F7009989C5 /* twitter.png in Resources */ = {isa = PBXBuildFile; fileRef = D3BCEA5D15FCE4F7009989C5 /* twitter.png */; };
		D3D33433158CE89900ACAA64 /* Default@2x.png in Resources */ = {isa = PBXBuildFile; fileRef = D3D33432158CE89900ACAA64 /* Default@2x.png */; };
		D3D657E3158E33E80097B53A /* libz.dylib in Frameworks */ = {isa = PBXBuildFile; fileRef = D3D657E2158E33E80097B53A /* libz.dylib */; settings = {ATTRIBUTES = (Required, ); }; };
		D3E04A4415D68A5C00B4A959 /* PassController.m in Sources */ = {isa = PBXBuildFile; fileRef = D3E04A4315D68A5C00B4A959 /* PassController.m */; };
		D3E04A4C15D6952D00B4A959 /* ColorPickerButton.m in Sources */ = {isa = PBXBuildFile; fileRef = D3E04A4B15D6952D00B4A959 /* ColorPickerButton.m */; };
		D3E04A4E15D6A18E00B4A959 /* ColorPickerCircle.xib in Resources */ = {isa = PBXBuildFile; fileRef = D3E04A4D15D6A18E00B4A959 /* ColorPickerCircle.xib */; };
		D3E057C716A2D6AB00B0DE19 /* .gitignore in Resources */ = {isa = PBXBuildFile; fileRef = D3E057B116A2D6AB00B0DE19 /* .gitignore */; };
		D3E057DB16A2D70100B0DE19 /* libzipkit.a in Frameworks */ = {isa = PBXBuildFile; fileRef = D3E057DA16A2D70100B0DE19 /* libzipkit.a */; };
		D3E7997A15909F18000A3E6C /* certificate.pem in Resources */ = {isa = PBXBuildFile; fileRef = D3E7997815909F18000A3E6C /* certificate.pem */; };
		D3EA07AE15F372C4006B7283 /* MainTableController.m in Sources */ = {isa = PBXBuildFile; fileRef = D3EA07AD15F372C4006B7283 /* MainTableController.m */; };
		D3EA07B115F37CB6006B7283 /* Defaults.plist in Resources */ = {isa = PBXBuildFile; fileRef = D3EA07B015F37CB6006B7283 /* Defaults.plist */; };
		D3EA07B315F37DBE006B7283 /* MessageUI.framework in Frameworks */ = {isa = PBXBuildFile; fileRef = D3EA07B215F37DBD006B7283 /* MessageUI.framework */; };
		D3EA07B715F39408006B7283 /* add@2x.png in Resources */ = {isa = PBXBuildFile; fileRef = D3EA07B615F39408006B7283 /* add@2x.png */; };
		D3F58A40158CD6DA00A937D9 /* UIKit.framework in Frameworks */ = {isa = PBXBuildFile; fileRef = D3F58A3F158CD6DA00A937D9 /* UIKit.framework */; };
		D3F58A42158CD6DA00A937D9 /* Foundation.framework in Frameworks */ = {isa = PBXBuildFile; fileRef = D3F58A41158CD6DA00A937D9 /* Foundation.framework */; };
		D3F58A44158CD6DA00A937D9 /* CoreGraphics.framework in Frameworks */ = {isa = PBXBuildFile; fileRef = D3F58A43158CD6DA00A937D9 /* CoreGraphics.framework */; };
		D3F58A4A158CD6DA00A937D9 /* InfoPlist.strings in Resources */ = {isa = PBXBuildFile; fileRef = D3F58A48158CD6DA00A937D9 /* InfoPlist.strings */; };
		D3F58A4C158CD6DA00A937D9 /* main.m in Sources */ = {isa = PBXBuildFile; fileRef = D3F58A4B158CD6DA00A937D9 /* main.m */; };
		D3F58A50158CD6DA00A937D9 /* AppDelegate.m in Sources */ = {isa = PBXBuildFile; fileRef = D3F58A4F158CD6DA00A937D9 /* AppDelegate.m */; };
		D3F58A53158CD6DA00A937D9 /* MainStoryboard.storyboard in Resources */ = {isa = PBXBuildFile; fileRef = D3F58A51158CD6DA00A937D9 /* MainStoryboard.storyboard */; };
/* End PBXBuildFile section */

/* Begin PBXFileReference section */
		D304393E15DBD77E00AA342A /* sheen_event@2x.png */ = {isa = PBXFileReference; lastKnownFileType = image.png; path = "sheen_event@2x.png"; sourceTree = "<group>"; };
		D312F49B160E2E6800621EAF /* libzbar.a */ = {isa = PBXFileReference; lastKnownFileType = archive.ar; path = libzbar.a; sourceTree = "<group>"; };
		D312F4C9160E2F2800621EAF /* BarScannerController.h */ = {isa = PBXFileReference; fileEncoding = 4; lastKnownFileType = sourcecode.c.h; path = BarScannerController.h; sourceTree = "<group>"; };
		D312F4CA160E2F2800621EAF /* BarScannerController.m */ = {isa = PBXFileReference; fileEncoding = 4; lastKnownFileType = sourcecode.c.objc; path = BarScannerController.m; sourceTree = "<group>"; };
		D312F4E7160E35A700621EAF /* libiconv.dylib */ = {isa = PBXFileReference; lastKnownFileType = "compiled.mach-o.dylib"; name = libiconv.dylib; path = usr/lib/libiconv.dylib; sourceTree = SDKROOT; };
		D312F4E9160E368800621EAF /* AVFoundation.framework */ = {isa = PBXFileReference; lastKnownFileType = wrapper.framework; name = AVFoundation.framework; path = System/Library/Frameworks/AVFoundation.framework; sourceTree = SDKROOT; };
		D312F4EB160E36A300621EAF /* CoreVideo.framework */ = {isa = PBXFileReference; lastKnownFileType = wrapper.framework; name = CoreVideo.framework; path = System/Library/Frameworks/CoreVideo.framework; sourceTree = SDKROOT; };
		D312F4ED160E36B200621EAF /* CoreMedia.framework */ = {isa = PBXFileReference; lastKnownFileType = wrapper.framework; name = CoreMedia.framework; path = System/Library/Frameworks/CoreMedia.framework; sourceTree = SDKROOT; };
		D323EFD1158E012300E6A754 /* PassKit.framework */ = {isa = PBXFileReference; lastKnownFileType = wrapper.framework; name = PassKit.framework; path = System/Library/Frameworks/PassKit.framework; sourceTree = SDKROOT; };
		D32525A516022C8D00CFFA18 /* Default-568h@2x.png */ = {isa = PBXFileReference; lastKnownFileType = image.png; path = "Default-568h@2x.png"; sourceTree = "<group>"; };
		D32525B816025BB600CFFA18 /* AppleWWDRCA.cer */ = {isa = PBXFileReference; lastKnownFileType = file; path = AppleWWDRCA.cer; sourceTree = "<group>"; };
		D32E641815FB84CD00F3F874 /* Credits.h */ = {isa = PBXFileReference; fileEncoding = 4; lastKnownFileType = sourcecode.c.h; path = Credits.h; sourceTree = "<group>"; };
		D32E641915FB84CD00F3F874 /* Credits.m */ = {isa = PBXFileReference; fileEncoding = 4; lastKnownFileType = sourcecode.c.objc; path = Credits.m; sourceTree = "<group>"; };
		D34A27CD16A30B8F00459B57 /* Config.h */ = {isa = PBXFileReference; fileEncoding = 4; lastKnownFileType = sourcecode.c.h; path = Config.h; sourceTree = "<group>"; };
		D34A27CE16A30E2B00459B57 /* key.pem */ = {isa = PBXFileReference; fileEncoding = 4; lastKnownFileType = text; path = key.pem; sourceTree = "<group>"; };
		D3540E3715FBB89100801B49 /* BuyCreditsController.h */ = {isa = PBXFileReference; fileEncoding = 4; lastKnownFileType = sourcecode.c.h; path = BuyCreditsController.h; sourceTree = "<group>"; };
		D3540E3815FBB89100801B49 /* BuyCreditsController.m */ = {isa = PBXFileReference; fileEncoding = 4; lastKnownFileType = sourcecode.c.objc; path = BuyCreditsController.m; sourceTree = "<group>"; };
		D3540E3A15FBBE4900801B49 /* StoreKit.framework */ = {isa = PBXFileReference; lastKnownFileType = wrapper.framework; name = StoreKit.framework; path = System/Library/Frameworks/StoreKit.framework; sourceTree = SDKROOT; };
		D3540E3C15FCC30F00801B49 /* Icon@2x.png */ = {isa = PBXFileReference; lastKnownFileType = image.png; path = "Icon@2x.png"; sourceTree = "<group>"; };
		D3540E3E15FCC31400801B49 /* Icon.png */ = {isa = PBXFileReference; lastKnownFileType = image.png; path = Icon.png; sourceTree = "<group>"; };
		D35A4D1E160DE81000C94625 /* LaunchImageController.h */ = {isa = PBXFileReference; fileEncoding = 4; lastKnownFileType = sourcecode.c.h; path = LaunchImageController.h; sourceTree = "<group>"; };
		D35A4D1F160DE81000C94625 /* LaunchImageController.m */ = {isa = PBXFileReference; fileEncoding = 4; lastKnownFileType = sourcecode.c.objc; path = LaunchImageController.m; sourceTree = "<group>"; };
		D35A4D21160DE98C00C94625 /* table_background.png */ = {isa = PBXFileReference; lastKnownFileType = image.png; path = table_background.png; sourceTree = "<group>"; };
		D364BB38158FD2320031F0D4 /* aes.h */ = {isa = PBXFileReference; fileEncoding = 4; lastKnownFileType = sourcecode.c.h; path = aes.h; sourceTree = "<group>"; };
		D364BB39158FD2320031F0D4 /* asn1.h */ = {isa = PBXFileReference; fileEncoding = 4; lastKnownFileType = sourcecode.c.h; path = asn1.h; sourceTree = "<group>"; };
		D364BB3A158FD2320031F0D4 /* asn1_mac.h */ = {isa = PBXFileReference; fileEncoding = 4; lastKnownFileType = sourcecode.c.h; path = asn1_mac.h; sourceTree = "<group>"; };
		D364BB3B158FD2320031F0D4 /* asn1t.h */ = {isa = PBXFileReference; fileEncoding = 4; lastKnownFileType = sourcecode.c.h; path = asn1t.h; sourceTree = "<group>"; };
		D364BB3C158FD2320031F0D4 /* bio.h */ = {isa = PBXFileReference; fileEncoding = 4; lastKnownFileType = sourcecode.c.h; path = bio.h; sourceTree = "<group>"; };
		D364BB3D158FD2320031F0D4 /* blowfish.h */ = {isa = PBXFileReference; fileEncoding = 4; lastKnownFileType = sourcecode.c.h; path = blowfish.h; sourceTree = "<group>"; };
		D364BB3E158FD2320031F0D4 /* bn.h */ = {isa = PBXFileReference; fileEncoding = 4; lastKnownFileType = sourcecode.c.h; path = bn.h; sourceTree = "<group>"; };
		D364BB3F158FD2320031F0D4 /* buffer.h */ = {isa = PBXFileReference; fileEncoding = 4; lastKnownFileType = sourcecode.c.h; path = buffer.h; sourceTree = "<group>"; };
		D364BB40158FD2320031F0D4 /* camellia.h */ = {isa = PBXFileReference; fileEncoding = 4; lastKnownFileType = sourcecode.c.h; path = camellia.h; sourceTree = "<group>"; };
		D364BB41158FD2320031F0D4 /* cast.h */ = {isa = PBXFileReference; fileEncoding = 4; lastKnownFileType = sourcecode.c.h; path = cast.h; sourceTree = "<group>"; };
		D364BB42158FD2320031F0D4 /* cmac.h */ = {isa = PBXFileReference; fileEncoding = 4; lastKnownFileType = sourcecode.c.h; path = cmac.h; sourceTree = "<group>"; };
		D364BB43158FD2320031F0D4 /* cms.h */ = {isa = PBXFileReference; fileEncoding = 4; lastKnownFileType = sourcecode.c.h; path = cms.h; sourceTree = "<group>"; };
		D364BB44158FD2320031F0D4 /* comp.h */ = {isa = PBXFileReference; fileEncoding = 4; lastKnownFileType = sourcecode.c.h; path = comp.h; sourceTree = "<group>"; };
		D364BB45158FD2320031F0D4 /* conf.h */ = {isa = PBXFileReference; fileEncoding = 4; lastKnownFileType = sourcecode.c.h; path = conf.h; sourceTree = "<group>"; };
		D364BB46158FD2320031F0D4 /* conf_api.h */ = {isa = PBXFileReference; fileEncoding = 4; lastKnownFileType = sourcecode.c.h; path = conf_api.h; sourceTree = "<group>"; };
		D364BB47158FD2320031F0D4 /* crypto.h */ = {isa = PBXFileReference; fileEncoding = 4; lastKnownFileType = sourcecode.c.h; path = crypto.h; sourceTree = "<group>"; };
		D364BB48158FD2320031F0D4 /* des.h */ = {isa = PBXFileReference; fileEncoding = 4; lastKnownFileType = sourcecode.c.h; path = des.h; sourceTree = "<group>"; };
		D364BB49158FD2320031F0D4 /* des_old.h */ = {isa = PBXFileReference; fileEncoding = 4; lastKnownFileType = sourcecode.c.h; path = des_old.h; sourceTree = "<group>"; };
		D364BB4A158FD2320031F0D4 /* dh.h */ = {isa = PBXFileReference; fileEncoding = 4; lastKnownFileType = sourcecode.c.h; path = dh.h; sourceTree = "<group>"; };
		D364BB4B158FD2320031F0D4 /* dsa.h */ = {isa = PBXFileReference; fileEncoding = 4; lastKnownFileType = sourcecode.c.h; path = dsa.h; sourceTree = "<group>"; };
		D364BB4C158FD2320031F0D4 /* dso.h */ = {isa = PBXFileReference; fileEncoding = 4; lastKnownFileType = sourcecode.c.h; path = dso.h; sourceTree = "<group>"; };
		D364BB4D158FD2320031F0D4 /* dtls1.h */ = {isa = PBXFileReference; fileEncoding = 4; lastKnownFileType = sourcecode.c.h; path = dtls1.h; sourceTree = "<group>"; };
		D364BB4E158FD2320031F0D4 /* e_os2.h */ = {isa = PBXFileReference; fileEncoding = 4; lastKnownFileType = sourcecode.c.h; path = e_os2.h; sourceTree = "<group>"; };
		D364BB4F158FD2320031F0D4 /* ebcdic.h */ = {isa = PBXFileReference; fileEncoding = 4; lastKnownFileType = sourcecode.c.h; path = ebcdic.h; sourceTree = "<group>"; };
		D364BB50158FD2320031F0D4 /* ec.h */ = {isa = PBXFileReference; fileEncoding = 4; lastKnownFileType = sourcecode.c.h; path = ec.h; sourceTree = "<group>"; };
		D364BB51158FD2320031F0D4 /* ecdh.h */ = {isa = PBXFileReference; fileEncoding = 4; lastKnownFileType = sourcecode.c.h; path = ecdh.h; sourceTree = "<group>"; };
		D364BB52158FD2320031F0D4 /* ecdsa.h */ = {isa = PBXFileReference; fileEncoding = 4; lastKnownFileType = sourcecode.c.h; path = ecdsa.h; sourceTree = "<group>"; };
		D364BB53158FD2320031F0D4 /* engine.h */ = {isa = PBXFileReference; fileEncoding = 4; lastKnownFileType = sourcecode.c.h; path = engine.h; sourceTree = "<group>"; };
		D364BB54158FD2320031F0D4 /* err.h */ = {isa = PBXFileReference; fileEncoding = 4; lastKnownFileType = sourcecode.c.h; path = err.h; sourceTree = "<group>"; };
		D364BB55158FD2320031F0D4 /* evp.h */ = {isa = PBXFileReference; fileEncoding = 4; lastKnownFileType = sourcecode.c.h; path = evp.h; sourceTree = "<group>"; };
		D364BB56158FD2320031F0D4 /* hmac.h */ = {isa = PBXFileReference; fileEncoding = 4; lastKnownFileType = sourcecode.c.h; path = hmac.h; sourceTree = "<group>"; };
		D364BB57158FD2320031F0D4 /* idea.h */ = {isa = PBXFileReference; fileEncoding = 4; lastKnownFileType = sourcecode.c.h; path = idea.h; sourceTree = "<group>"; };
		D364BB58158FD2320031F0D4 /* krb5_asn.h */ = {isa = PBXFileReference; fileEncoding = 4; lastKnownFileType = sourcecode.c.h; path = krb5_asn.h; sourceTree = "<group>"; };
		D364BB59158FD2320031F0D4 /* kssl.h */ = {isa = PBXFileReference; fileEncoding = 4; lastKnownFileType = sourcecode.c.h; path = kssl.h; sourceTree = "<group>"; };
		D364BB5A158FD2320031F0D4 /* lhash.h */ = {isa = PBXFileReference; fileEncoding = 4; lastKnownFileType = sourcecode.c.h; path = lhash.h; sourceTree = "<group>"; };
		D364BB5B158FD2320031F0D4 /* md4.h */ = {isa = PBXFileReference; fileEncoding = 4; lastKnownFileType = sourcecode.c.h; path = md4.h; sourceTree = "<group>"; };
		D364BB5C158FD2320031F0D4 /* md5.h */ = {isa = PBXFileReference; fileEncoding = 4; lastKnownFileType = sourcecode.c.h; path = md5.h; sourceTree = "<group>"; };
		D364BB5D158FD2320031F0D4 /* mdc2.h */ = {isa = PBXFileReference; fileEncoding = 4; lastKnownFileType = sourcecode.c.h; path = mdc2.h; sourceTree = "<group>"; };
		D364BB5E158FD2320031F0D4 /* modes.h */ = {isa = PBXFileReference; fileEncoding = 4; lastKnownFileType = sourcecode.c.h; path = modes.h; sourceTree = "<group>"; };
		D364BB5F158FD2320031F0D4 /* obj_mac.h */ = {isa = PBXFileReference; fileEncoding = 4; lastKnownFileType = sourcecode.c.h; path = obj_mac.h; sourceTree = "<group>"; };
		D364BB60158FD2320031F0D4 /* objects.h */ = {isa = PBXFileReference; fileEncoding = 4; lastKnownFileType = sourcecode.c.h; path = objects.h; sourceTree = "<group>"; };
		D364BB61158FD2320031F0D4 /* ocsp.h */ = {isa = PBXFileReference; fileEncoding = 4; lastKnownFileType = sourcecode.c.h; path = ocsp.h; sourceTree = "<group>"; };
		D364BB62158FD2320031F0D4 /* opensslconf.h */ = {isa = PBXFileReference; fileEncoding = 4; lastKnownFileType = sourcecode.c.h; path = opensslconf.h; sourceTree = "<group>"; };
		D364BB63158FD2320031F0D4 /* opensslv.h */ = {isa = PBXFileReference; fileEncoding = 4; lastKnownFileType = sourcecode.c.h; path = opensslv.h; sourceTree = "<group>"; };
		D364BB64158FD2320031F0D4 /* ossl_typ.h */ = {isa = PBXFileReference; fileEncoding = 4; lastKnownFileType = sourcecode.c.h; path = ossl_typ.h; sourceTree = "<group>"; };
		D364BB65158FD2320031F0D4 /* pem.h */ = {isa = PBXFileReference; fileEncoding = 4; lastKnownFileType = sourcecode.c.h; path = pem.h; sourceTree = "<group>"; };
		D364BB66158FD2320031F0D4 /* pem2.h */ = {isa = PBXFileReference; fileEncoding = 4; lastKnownFileType = sourcecode.c.h; path = pem2.h; sourceTree = "<group>"; };
		D364BB67158FD2320031F0D4 /* pkcs12.h */ = {isa = PBXFileReference; fileEncoding = 4; lastKnownFileType = sourcecode.c.h; path = pkcs12.h; sourceTree = "<group>"; };
		D364BB68158FD2320031F0D4 /* pkcs7.h */ = {isa = PBXFileReference; fileEncoding = 4; lastKnownFileType = sourcecode.c.h; path = pkcs7.h; sourceTree = "<group>"; };
		D364BB69158FD2320031F0D4 /* pqueue.h */ = {isa = PBXFileReference; fileEncoding = 4; lastKnownFileType = sourcecode.c.h; path = pqueue.h; sourceTree = "<group>"; };
		D364BB6A158FD2320031F0D4 /* rand.h */ = {isa = PBXFileReference; fileEncoding = 4; lastKnownFileType = sourcecode.c.h; path = rand.h; sourceTree = "<group>"; };
		D364BB6B158FD2320031F0D4 /* rc2.h */ = {isa = PBXFileReference; fileEncoding = 4; lastKnownFileType = sourcecode.c.h; path = rc2.h; sourceTree = "<group>"; };
		D364BB6C158FD2320031F0D4 /* rc4.h */ = {isa = PBXFileReference; fileEncoding = 4; lastKnownFileType = sourcecode.c.h; path = rc4.h; sourceTree = "<group>"; };
		D364BB6D158FD2320031F0D4 /* ripemd.h */ = {isa = PBXFileReference; fileEncoding = 4; lastKnownFileType = sourcecode.c.h; path = ripemd.h; sourceTree = "<group>"; };
		D364BB6E158FD2320031F0D4 /* rsa.h */ = {isa = PBXFileReference; fileEncoding = 4; lastKnownFileType = sourcecode.c.h; path = rsa.h; sourceTree = "<group>"; };
		D364BB6F158FD2320031F0D4 /* safestack.h */ = {isa = PBXFileReference; fileEncoding = 4; lastKnownFileType = sourcecode.c.h; path = safestack.h; sourceTree = "<group>"; };
		D364BB70158FD2320031F0D4 /* seed.h */ = {isa = PBXFileReference; fileEncoding = 4; lastKnownFileType = sourcecode.c.h; path = seed.h; sourceTree = "<group>"; };
		D364BB71158FD2320031F0D4 /* sha.h */ = {isa = PBXFileReference; fileEncoding = 4; lastKnownFileType = sourcecode.c.h; path = sha.h; sourceTree = "<group>"; };
		D364BB72158FD2320031F0D4 /* srp.h */ = {isa = PBXFileReference; fileEncoding = 4; lastKnownFileType = sourcecode.c.h; path = srp.h; sourceTree = "<group>"; };
		D364BB73158FD2320031F0D4 /* srtp.h */ = {isa = PBXFileReference; fileEncoding = 4; lastKnownFileType = sourcecode.c.h; path = srtp.h; sourceTree = "<group>"; };
		D364BB74158FD2320031F0D4 /* ssl.h */ = {isa = PBXFileReference; fileEncoding = 4; lastKnownFileType = sourcecode.c.h; path = ssl.h; sourceTree = "<group>"; };
		D364BB75158FD2320031F0D4 /* ssl2.h */ = {isa = PBXFileReference; fileEncoding = 4; lastKnownFileType = sourcecode.c.h; path = ssl2.h; sourceTree = "<group>"; };
		D364BB76158FD2320031F0D4 /* ssl23.h */ = {isa = PBXFileReference; fileEncoding = 4; lastKnownFileType = sourcecode.c.h; path = ssl23.h; sourceTree = "<group>"; };
		D364BB77158FD2320031F0D4 /* ssl3.h */ = {isa = PBXFileReference; fileEncoding = 4; lastKnownFileType = sourcecode.c.h; path = ssl3.h; sourceTree = "<group>"; };
		D364BB78158FD2320031F0D4 /* stack.h */ = {isa = PBXFileReference; fileEncoding = 4; lastKnownFileType = sourcecode.c.h; path = stack.h; sourceTree = "<group>"; };
		D364BB79158FD2320031F0D4 /* symhacks.h */ = {isa = PBXFileReference; fileEncoding = 4; lastKnownFileType = sourcecode.c.h; path = symhacks.h; sourceTree = "<group>"; };
		D364BB7A158FD2320031F0D4 /* tls1.h */ = {isa = PBXFileReference; fileEncoding = 4; lastKnownFileType = sourcecode.c.h; path = tls1.h; sourceTree = "<group>"; };
		D364BB7B158FD2320031F0D4 /* ts.h */ = {isa = PBXFileReference; fileEncoding = 4; lastKnownFileType = sourcecode.c.h; path = ts.h; sourceTree = "<group>"; };
		D364BB7C158FD2320031F0D4 /* txt_db.h */ = {isa = PBXFileReference; fileEncoding = 4; lastKnownFileType = sourcecode.c.h; path = txt_db.h; sourceTree = "<group>"; };
		D364BB7D158FD2320031F0D4 /* ui.h */ = {isa = PBXFileReference; fileEncoding = 4; lastKnownFileType = sourcecode.c.h; path = ui.h; sourceTree = "<group>"; };
		D364BB7E158FD2320031F0D4 /* ui_compat.h */ = {isa = PBXFileReference; fileEncoding = 4; lastKnownFileType = sourcecode.c.h; path = ui_compat.h; sourceTree = "<group>"; };
		D364BB7F158FD2320031F0D4 /* whrlpool.h */ = {isa = PBXFileReference; fileEncoding = 4; lastKnownFileType = sourcecode.c.h; path = whrlpool.h; sourceTree = "<group>"; };
		D364BB80158FD2320031F0D4 /* x509.h */ = {isa = PBXFileReference; fileEncoding = 4; lastKnownFileType = sourcecode.c.h; path = x509.h; sourceTree = "<group>"; };
		D364BB81158FD2320031F0D4 /* x509_vfy.h */ = {isa = PBXFileReference; fileEncoding = 4; lastKnownFileType = sourcecode.c.h; path = x509_vfy.h; sourceTree = "<group>"; };
		D364BB82158FD2320031F0D4 /* x509v3.h */ = {isa = PBXFileReference; fileEncoding = 4; lastKnownFileType = sourcecode.c.h; path = x509v3.h; sourceTree = "<group>"; };
		D364BB83158FD24A0031F0D4 /* libcrypto.a */ = {isa = PBXFileReference; lastKnownFileType = archive.ar; path = libcrypto.a; sourceTree = "<group>"; };
		D37D992815D6ADF30086E0EC /* ColorPickerCircle.h */ = {isa = PBXFileReference; fileEncoding = 4; lastKnownFileType = sourcecode.c.h; path = ColorPickerCircle.h; sourceTree = "<group>"; };
		D37D992915D6ADF30086E0EC /* ColorPickerCircle.m */ = {isa = PBXFileReference; fileEncoding = 4; lastKnownFileType = sourcecode.c.objc; path = ColorPickerCircle.m; sourceTree = "<group>"; };
		D37D992B15D6B0E20086E0EC /* ScrollViewContainingDraggable.h */ = {isa = PBXFileReference; fileEncoding = 4; lastKnownFileType = sourcecode.c.h; path = ScrollViewContainingDraggable.h; sourceTree = "<group>"; };
		D37D992C15D6B0E20086E0EC /* ScrollViewContainingDraggable.m */ = {isa = PBXFileReference; fileEncoding = 4; lastKnownFileType = sourcecode.c.objc; path = ScrollViewContainingDraggable.m; sourceTree = "<group>"; };
		D37D993215D7A5D90086E0EC /* QuartzCore.framework */ = {isa = PBXFileReference; lastKnownFileType = wrapper.framework; name = QuartzCore.framework; path = System/Library/Frameworks/QuartzCore.framework; sourceTree = SDKROOT; };
		D37D993415D7B3FB0086E0EC /* BorderTextField.h */ = {isa = PBXFileReference; fileEncoding = 4; lastKnownFileType = sourcecode.c.h; path = BorderTextField.h; sourceTree = "<group>"; };
		D37D993515D7B3FB0086E0EC /* BorderTextField.m */ = {isa = PBXFileReference; fileEncoding = 4; lastKnownFileType = sourcecode.c.objc; path = BorderTextField.m; sourceTree = "<group>"; };
		D37D994015D7E0E20086E0EC /* transit_boat@2x.png */ = {isa = PBXFileReference; lastKnownFileType = image.png; path = "transit_boat@2x.png"; sourceTree = "<group>"; };
		D37D994115D7E0E20086E0EC /* transit_bus@2x.png */ = {isa = PBXFileReference; lastKnownFileType = image.png; path = "transit_bus@2x.png"; sourceTree = "<group>"; };
		D37D994215D7E0E20086E0EC /* transit_generic@2x.png */ = {isa = PBXFileReference; lastKnownFileType = image.png; path = "transit_generic@2x.png"; sourceTree = "<group>"; };
		D37D994315D7E0E20086E0EC /* transit_plane@2x.png */ = {isa = PBXFileReference; lastKnownFileType = image.png; path = "transit_plane@2x.png"; sourceTree = "<group>"; };
		D37D994415D7E0E20086E0EC /* transit_train@2x.png */ = {isa = PBXFileReference; lastKnownFileType = image.png; path = "transit_train@2x.png"; sourceTree = "<group>"; };
		D392AAF815D933500059FB02 /* Pass.h */ = {isa = PBXFileReference; fileEncoding = 4; lastKnownFileType = sourcecode.c.h; path = Pass.h; sourceTree = "<group>"; };
		D392AAF915D933500059FB02 /* Pass.m */ = {isa = PBXFileReference; fileEncoding = 4; lastKnownFileType = sourcecode.c.objc; path = Pass.m; sourceTree = "<group>"; };
		D392AAFC15D93BC70059FB02 /* JSONKit.h */ = {isa = PBXFileReference; fileEncoding = 4; lastKnownFileType = sourcecode.c.h; path = JSONKit.h; sourceTree = "<group>"; };
		D392AAFD15D93BC70059FB02 /* JSONKit.m */ = {isa = PBXFileReference; fileEncoding = 4; lastKnownFileType = sourcecode.c.objc; path = JSONKit.m; sourceTree = "<group>"; };
		D392AAFF15D93CC50059FB02 /* border_notched@2x.png */ = {isa = PBXFileReference; lastKnownFileType = image.png; path = "border_notched@2x.png"; sourceTree = "<group>"; };
		D392AB0015D93CC50059FB02 /* border_perforated@2x.png */ = {isa = PBXFileReference; lastKnownFileType = image.png; path = "border_perforated@2x.png"; sourceTree = "<group>"; };
		D392AB0115D93CC50059FB02 /* border_plain@2x.png */ = {isa = PBXFileReference; lastKnownFileType = image.png; path = "border_plain@2x.png"; sourceTree = "<group>"; };
		D392AB0215D93CC50059FB02 /* border_scalloped@2x.png */ = {isa = PBXFileReference; lastKnownFileType = image.png; path = "border_scalloped@2x.png"; sourceTree = "<group>"; };
		D392AB0315D93CC50059FB02 /* border_square@2x.png */ = {isa = PBXFileReference; lastKnownFileType = image.png; path = "border_square@2x.png"; sourceTree = "<group>"; };
		D392AB0415D93CC50059FB02 /* ColorPicker.png */ = {isa = PBXFileReference; lastKnownFileType = image.png; path = ColorPicker.png; sourceTree = "<group>"; };
		D392AB0615D93CC50059FB02 /* ColorPickerTarget.png */ = {isa = PBXFileReference; lastKnownFileType = image.png; path = ColorPickerTarget.png; sourceTree = "<group>"; };
		D392AB0915D93CC50059FB02 /* separator.png */ = {isa = PBXFileReference; lastKnownFileType = image.png; path = separator.png; sourceTree = "<group>"; };
		D392AB1515DA72990059FB02 /* sheen.png */ = {isa = PBXFileReference; lastKnownFileType = image.png; path = sheen.png; sourceTree = "<group>"; };
		D392AB1815DA85620059FB02 /* ImagePickerButton.m */ = {isa = PBXFileReference; fileEncoding = 4; lastKnownFileType = sourcecode.c.objc; path = ImagePickerButton.m; sourceTree = "<group>"; };
		D392AB1A15DA8A7A0059FB02 /* ImagePickerButton.h */ = {isa = PBXFileReference; fileEncoding = 4; lastKnownFileType = sourcecode.c.h; path = ImagePickerButton.h; sourceTree = "<group>"; };
		D39ACFF215DBCDAB00FDBE69 /* CoreImage.framework */ = {isa = PBXFileReference; lastKnownFileType = wrapper.framework; name = CoreImage.framework; path = System/Library/Frameworks/CoreImage.framework; sourceTree = SDKROOT; };
		D39ACFF415DBCE9A00FDBE69 /* UIImage+StackBlur.h */ = {isa = PBXFileReference; fileEncoding = 4; lastKnownFileType = sourcecode.c.h; path = "UIImage+StackBlur.h"; sourceTree = "<group>"; };
		D39ACFF515DBCE9A00FDBE69 /* UIImage+StackBlur.m */ = {isa = PBXFileReference; fileEncoding = 4; lastKnownFileType = sourcecode.c.objc; path = "UIImage+StackBlur.m"; sourceTree = "<group>"; };
		D3B04E271592033A00836AD6 /* PassBundle.h */ = {isa = PBXFileReference; fileEncoding = 4; lastKnownFileType = sourcecode.c.h; path = PassBundle.h; sourceTree = "<group>"; };
		D3B04E281592033A00836AD6 /* PassBundle.mm */ = {isa = PBXFileReference; fileEncoding = 4; lastKnownFileType = sourcecode.cpp.objcpp; path = PassBundle.mm; sourceTree = "<group>"; };
		D3B04E291592033A00836AD6 /* PassBundleSign.cpp */ = {isa = PBXFileReference; fileEncoding = 4; lastKnownFileType = sourcecode.cpp.cpp; path = PassBundleSign.cpp; sourceTree = "<group>"; };
		D3B04E2A1592033A00836AD6 /* PassBundleSign.h */ = {isa = PBXFileReference; fileEncoding = 4; lastKnownFileType = sourcecode.c.h; path = PassBundleSign.h; sourceTree = "<group>"; };
		D3BCEA5C15FCE4F7009989C5 /* facebook.png */ = {isa = PBXFileReference; lastKnownFileType = image.png; path = facebook.png; sourceTree = "<group>"; };
		D3BCEA5D15FCE4F7009989C5 /* twitter.png */ = {isa = PBXFileReference; lastKnownFileType = image.png; path = twitter.png; sourceTree = "<group>"; };
		D3D33432158CE89900ACAA64 /* Default@2x.png */ = {isa = PBXFileReference; lastKnownFileType = image.png; path = "Default@2x.png"; sourceTree = "<group>"; };
		D3D657E2158E33E80097B53A /* libz.dylib */ = {isa = PBXFileReference; lastKnownFileType = "compiled.mach-o.dylib"; name = libz.dylib; path = usr/lib/libz.dylib; sourceTree = SDKROOT; };
		D3E04A4215D68A5C00B4A959 /* PassController.h */ = {isa = PBXFileReference; fileEncoding = 4; lastKnownFileType = sourcecode.c.h; path = PassController.h; sourceTree = "<group>"; };
		D3E04A4315D68A5C00B4A959 /* PassController.m */ = {isa = PBXFileReference; fileEncoding = 4; lastKnownFileType = sourcecode.c.objc; path = PassController.m; sourceTree = "<group>"; };
		D3E04A4A15D6952D00B4A959 /* ColorPickerButton.h */ = {isa = PBXFileReference; fileEncoding = 4; lastKnownFileType = sourcecode.c.h; path = ColorPickerButton.h; sourceTree = "<group>"; };
		D3E04A4B15D6952D00B4A959 /* ColorPickerButton.m */ = {isa = PBXFileReference; fileEncoding = 4; lastKnownFileType = sourcecode.c.objc; path = ColorPickerButton.m; sourceTree = "<group>"; };
		D3E04A4D15D6A18E00B4A959 /* ColorPickerCircle.xib */ = {isa = PBXFileReference; fileEncoding = 4; lastKnownFileType = file.xib; path = ColorPickerCircle.xib; sourceTree = "<group>"; };
		D3E057B116A2D6AB00B0DE19 /* .gitignore */ = {isa = PBXFileReference; fileEncoding = 4; lastKnownFileType = text; path = .gitignore; sourceTree = "<group>"; };
		D3E057B316A2D6AB00B0DE19 /* Decoder.h */ = {isa = PBXFileReference; fileEncoding = 4; lastKnownFileType = sourcecode.c.h; path = Decoder.h; sourceTree = "<group>"; };
		D3E057B416A2D6AB00B0DE19 /* Exception.h */ = {isa = PBXFileReference; fileEncoding = 4; lastKnownFileType = sourcecode.c.h; path = Exception.h; sourceTree = "<group>"; };
		D3E057B516A2D6AB00B0DE19 /* Image.h */ = {isa = PBXFileReference; fileEncoding = 4; lastKnownFileType = sourcecode.c.h; path = Image.h; sourceTree = "<group>"; };
		D3E057B616A2D6AB00B0DE19 /* ImageScanner.h */ = {isa = PBXFileReference; fileEncoding = 4; lastKnownFileType = sourcecode.c.h; path = ImageScanner.h; sourceTree = "<group>"; };
		D3E057B716A2D6AB00B0DE19 /* Processor.h */ = {isa = PBXFileReference; fileEncoding = 4; lastKnownFileType = sourcecode.c.h; path = Processor.h; sourceTree = "<group>"; };
		D3E057B816A2D6AB00B0DE19 /* Scanner.h */ = {isa = PBXFileReference; fileEncoding = 4; lastKnownFileType = sourcecode.c.h; path = Scanner.h; sourceTree = "<group>"; };
		D3E057B916A2D6AB00B0DE19 /* Symbol.h */ = {isa = PBXFileReference; fileEncoding = 4; lastKnownFileType = sourcecode.c.h; path = Symbol.h; sourceTree = "<group>"; };
		D3E057BA16A2D6AB00B0DE19 /* Video.h */ = {isa = PBXFileReference; fileEncoding = 4; lastKnownFileType = sourcecode.c.h; path = Video.h; sourceTree = "<group>"; };
		D3E057BB16A2D6AB00B0DE19 /* Window.h */ = {isa = PBXFileReference; fileEncoding = 4; lastKnownFileType = sourcecode.c.h; path = Window.h; sourceTree = "<group>"; };
		D3E057BC16A2D6AB00B0DE19 /* zbar.h */ = {isa = PBXFileReference; fileEncoding = 4; lastKnownFileType = sourcecode.c.h; path = zbar.h; sourceTree = "<group>"; };
		D3E057BD16A2D6AB00B0DE19 /* ZBarCameraSimulator.h */ = {isa = PBXFileReference; fileEncoding = 4; lastKnownFileType = sourcecode.c.h; path = ZBarCameraSimulator.h; sourceTree = "<group>"; };
		D3E057BE16A2D6AB00B0DE19 /* ZBarCaptureReader.h */ = {isa = PBXFileReference; fileEncoding = 4; lastKnownFileType = sourcecode.c.h; path = ZBarCaptureReader.h; sourceTree = "<group>"; };
		D3E057BF16A2D6AB00B0DE19 /* ZBarHelpController.h */ = {isa = PBXFileReference; fileEncoding = 4; lastKnownFileType = sourcecode.c.h; path = ZBarHelpController.h; sourceTree = "<group>"; };
		D3E057C016A2D6AB00B0DE19 /* ZBarImage.h */ = {isa = PBXFileReference; fileEncoding = 4; lastKnownFileType = sourcecode.c.h; path = ZBarImage.h; sourceTree = "<group>"; };
		D3E057C116A2D6AB00B0DE19 /* ZBarImageScanner.h */ = {isa = PBXFileReference; fileEncoding = 4; lastKnownFileType = sourcecode.c.h; path = ZBarImageScanner.h; sourceTree = "<group>"; };
		D3E057C216A2D6AB00B0DE19 /* ZBarReaderController.h */ = {isa = PBXFileReference; fileEncoding = 4; lastKnownFileType = sourcecode.c.h; path = ZBarReaderController.h; sourceTree = "<group>"; };
		D3E057C316A2D6AB00B0DE19 /* ZBarReaderView.h */ = {isa = PBXFileReference; fileEncoding = 4; lastKnownFileType = sourcecode.c.h; path = ZBarReaderView.h; sourceTree = "<group>"; };
		D3E057C416A2D6AB00B0DE19 /* ZBarReaderViewController.h */ = {isa = PBXFileReference; fileEncoding = 4; lastKnownFileType = sourcecode.c.h; path = ZBarReaderViewController.h; sourceTree = "<group>"; };
		D3E057C516A2D6AB00B0DE19 /* ZBarSDK.h */ = {isa = PBXFileReference; fileEncoding = 4; lastKnownFileType = sourcecode.c.h; path = ZBarSDK.h; sourceTree = "<group>"; };
		D3E057C616A2D6AB00B0DE19 /* ZBarSymbol.h */ = {isa = PBXFileReference; fileEncoding = 4; lastKnownFileType = sourcecode.c.h; path = ZBarSymbol.h; sourceTree = "<group>"; };
		D3E057C916A2D6B200B0DE19 /* GMAppleDouble+ZKAdditions.h */ = {isa = PBXFileReference; fileEncoding = 4; lastKnownFileType = sourcecode.c.h; path = "GMAppleDouble+ZKAdditions.h"; sourceTree = "<group>"; };
		D3E057CA16A2D6B200B0DE19 /* NSData+ZKAdditions.h */ = {isa = PBXFileReference; fileEncoding = 4; lastKnownFileType = sourcecode.c.h; path = "NSData+ZKAdditions.h"; sourceTree = "<group>"; };
		D3E057CB16A2D6B200B0DE19 /* NSDate+ZKAdditions.h */ = {isa = PBXFileReference; fileEncoding = 4; lastKnownFileType = sourcecode.c.h; path = "NSDate+ZKAdditions.h"; sourceTree = "<group>"; };
		D3E057CC16A2D6B200B0DE19 /* NSDictionary+ZKAdditions.h */ = {isa = PBXFileReference; fileEncoding = 4; lastKnownFileType = sourcecode.c.h; path = "NSDictionary+ZKAdditions.h"; sourceTree = "<group>"; };
		D3E057CD16A2D6B200B0DE19 /* NSFileHandle+ZKAdditions.h */ = {isa = PBXFileReference; fileEncoding = 4; lastKnownFileType = sourcecode.c.h; path = "NSFileHandle+ZKAdditions.h"; sourceTree = "<group>"; };
		D3E057CE16A2D6B200B0DE19 /* NSFileManager+ZKAdditions.h */ = {isa = PBXFileReference; fileEncoding = 4; lastKnownFileType = sourcecode.c.h; path = "NSFileManager+ZKAdditions.h"; sourceTree = "<group>"; };
		D3E057CF16A2D6B200B0DE19 /* NSString+ZKAdditions.h */ = {isa = PBXFileReference; fileEncoding = 4; lastKnownFileType = sourcecode.c.h; path = "NSString+ZKAdditions.h"; sourceTree = "<group>"; };
		D3E057D016A2D6B200B0DE19 /* ZKArchive.h */ = {isa = PBXFileReference; fileEncoding = 4; lastKnownFileType = sourcecode.c.h; path = ZKArchive.h; sourceTree = "<group>"; };
		D3E057D116A2D6B200B0DE19 /* ZKCDHeader.h */ = {isa = PBXFileReference; fileEncoding = 4; lastKnownFileType = sourcecode.c.h; path = ZKCDHeader.h; sourceTree = "<group>"; };
		D3E057D216A2D6B200B0DE19 /* ZKCDTrailer.h */ = {isa = PBXFileReference; fileEncoding = 4; lastKnownFileType = sourcecode.c.h; path = ZKCDTrailer.h; sourceTree = "<group>"; };
		D3E057D316A2D6B200B0DE19 /* ZKCDTrailer64.h */ = {isa = PBXFileReference; fileEncoding = 4; lastKnownFileType = sourcecode.c.h; path = ZKCDTrailer64.h; sourceTree = "<group>"; };
		D3E057D416A2D6B200B0DE19 /* ZKCDTrailer64Locator.h */ = {isa = PBXFileReference; fileEncoding = 4; lastKnownFileType = sourcecode.c.h; path = ZKCDTrailer64Locator.h; sourceTree = "<group>"; };
		D3E057D516A2D6B200B0DE19 /* ZKDataArchive.h */ = {isa = PBXFileReference; fileEncoding = 4; lastKnownFileType = sourcecode.c.h; path = ZKDataArchive.h; sourceTree = "<group>"; };
		D3E057D616A2D6B200B0DE19 /* ZKDefs.h */ = {isa = PBXFileReference; fileEncoding = 4; lastKnownFileType = sourcecode.c.h; path = ZKDefs.h; sourceTree = "<group>"; };
		D3E057D716A2D6B200B0DE19 /* ZKFileArchive.h */ = {isa = PBXFileReference; fileEncoding = 4; lastKnownFileType = sourcecode.c.h; path = ZKFileArchive.h; sourceTree = "<group>"; };
		D3E057D816A2D6B200B0DE19 /* ZKLFHeader.h */ = {isa = PBXFileReference; fileEncoding = 4; lastKnownFileType = sourcecode.c.h; path = ZKLFHeader.h; sourceTree = "<group>"; };
		D3E057D916A2D6B200B0DE19 /* ZKLog.h */ = {isa = PBXFileReference; fileEncoding = 4; lastKnownFileType = sourcecode.c.h; path = ZKLog.h; sourceTree = "<group>"; };
		D3E057DA16A2D70100B0DE19 /* libzipkit.a */ = {isa = PBXFileReference; lastKnownFileType = archive.ar; path = libzipkit.a; sourceTree = "<group>"; };
		D3E7997815909F18000A3E6C /* certificate.pem */ = {isa = PBXFileReference; fileEncoding = 4; lastKnownFileType = text; path = certificate.pem; sourceTree = "<group>"; };
		D3EA07AC15F372C4006B7283 /* MainTableController.h */ = {isa = PBXFileReference; fileEncoding = 4; lastKnownFileType = sourcecode.c.h; path = MainTableController.h; sourceTree = "<group>"; };
		D3EA07AD15F372C4006B7283 /* MainTableController.m */ = {isa = PBXFileReference; fileEncoding = 4; lastKnownFileType = sourcecode.c.objc; path = MainTableController.m; sourceTree = "<group>"; };
		D3EA07B015F37CB6006B7283 /* Defaults.plist */ = {isa = PBXFileReference; fileEncoding = 4; lastKnownFileType = text.plist.xml; path = Defaults.plist; sourceTree = "<group>"; };
		D3EA07B215F37DBD006B7283 /* MessageUI.framework */ = {isa = PBXFileReference; lastKnownFileType = wrapper.framework; name = MessageUI.framework; path = System/Library/Frameworks/MessageUI.framework; sourceTree = SDKROOT; };
		D3EA07B615F39408006B7283 /* add@2x.png */ = {isa = PBXFileReference; lastKnownFileType = image.png; path = "add@2x.png"; sourceTree = "<group>"; };
		D3F58A3B158CD6DA00A937D9 /* Pass Creator.app */ = {isa = PBXFileReference; explicitFileType = wrapper.application; includeInIndex = 0; path = "Pass Creator.app"; sourceTree = BUILT_PRODUCTS_DIR; };
		D3F58A3F158CD6DA00A937D9 /* UIKit.framework */ = {isa = PBXFileReference; lastKnownFileType = wrapper.framework; name = UIKit.framework; path = System/Library/Frameworks/UIKit.framework; sourceTree = SDKROOT; };
		D3F58A41158CD6DA00A937D9 /* Foundation.framework */ = {isa = PBXFileReference; lastKnownFileType = wrapper.framework; name = Foundation.framework; path = System/Library/Frameworks/Foundation.framework; sourceTree = SDKROOT; };
		D3F58A43158CD6DA00A937D9 /* CoreGraphics.framework */ = {isa = PBXFileReference; lastKnownFileType = wrapper.framework; name = CoreGraphics.framework; path = System/Library/Frameworks/CoreGraphics.framework; sourceTree = SDKROOT; };
		D3F58A47158CD6DA00A937D9 /* Pass Creator-Info.plist */ = {isa = PBXFileReference; lastKnownFileType = text.plist.xml; path = "Pass Creator-Info.plist"; sourceTree = "<group>"; };
		D3F58A49158CD6DA00A937D9 /* en */ = {isa = PBXFileReference; lastKnownFileType = text.plist.strings; name = en; path = en.lproj/InfoPlist.strings; sourceTree = "<group>"; };
		D3F58A4B158CD6DA00A937D9 /* main.m */ = {isa = PBXFileReference; lastKnownFileType = sourcecode.c.objc; path = main.m; sourceTree = "<group>"; };
		D3F58A4D158CD6DA00A937D9 /* Pass Creator-Prefix.pch */ = {isa = PBXFileReference; lastKnownFileType = sourcecode.c.h; path = "Pass Creator-Prefix.pch"; sourceTree = "<group>"; };
		D3F58A4E158CD6DA00A937D9 /* AppDelegate.h */ = {isa = PBXFileReference; lastKnownFileType = sourcecode.c.h; path = AppDelegate.h; sourceTree = "<group>"; };
		D3F58A4F158CD6DA00A937D9 /* AppDelegate.m */ = {isa = PBXFileReference; lastKnownFileType = sourcecode.c.objc; path = AppDelegate.m; sourceTree = "<group>"; };
		D3F58A52158CD6DA00A937D9 /* en */ = {isa = PBXFileReference; lastKnownFileType = file.storyboard; name = en; path = en.lproj/MainStoryboard.storyboard; sourceTree = "<group>"; };
/* End PBXFileReference section */

/* Begin PBXFrameworksBuildPhase section */
		D3F58A38158CD6DA00A937D9 /* Frameworks */ = {
			isa = PBXFrameworksBuildPhase;
			buildActionMask = 2147483647;
			files = (
				D312F4EE160E36B200621EAF /* CoreMedia.framework in Frameworks */,
				D312F4EC160E36A300621EAF /* CoreVideo.framework in Frameworks */,
				D312F4EA160E368800621EAF /* AVFoundation.framework in Frameworks */,
				D312F4E8160E35A700621EAF /* libiconv.dylib in Frameworks */,
				D3540E3B15FBBE4900801B49 /* StoreKit.framework in Frameworks */,
				D3EA07B315F37DBE006B7283 /* MessageUI.framework in Frameworks */,
				D39ACFF315DBCDAB00FDBE69 /* CoreImage.framework in Frameworks */,
				D3F58A44158CD6DA00A937D9 /* CoreGraphics.framework in Frameworks */,
				D37D993315D7A5D90086E0EC /* QuartzCore.framework in Frameworks */,
				D35A4D01160DC00F00C94625 /* libcrypto.a in Frameworks */,
				D3D657E3158E33E80097B53A /* libz.dylib in Frameworks */,
				D323EFD2158E012300E6A754 /* PassKit.framework in Frameworks */,
				D3F58A40158CD6DA00A937D9 /* UIKit.framework in Frameworks */,
				D3F58A42158CD6DA00A937D9 /* Foundation.framework in Frameworks */,
				D312F4B3160E2E6800621EAF /* libzbar.a in Frameworks */,
				D3E057DB16A2D70100B0DE19 /* libzipkit.a in Frameworks */,
			);
			runOnlyForDeploymentPostprocessing = 0;
		};
/* End PBXFrameworksBuildPhase section */

/* Begin PBXGroup section */
		D364BB37158FD2320031F0D4 /* openssl */ = {
			isa = PBXGroup;
			children = (
				D364BB38158FD2320031F0D4 /* aes.h */,
				D364BB39158FD2320031F0D4 /* asn1.h */,
				D364BB3A158FD2320031F0D4 /* asn1_mac.h */,
				D364BB3B158FD2320031F0D4 /* asn1t.h */,
				D364BB3C158FD2320031F0D4 /* bio.h */,
				D364BB3D158FD2320031F0D4 /* blowfish.h */,
				D364BB3E158FD2320031F0D4 /* bn.h */,
				D364BB3F158FD2320031F0D4 /* buffer.h */,
				D364BB40158FD2320031F0D4 /* camellia.h */,
				D364BB41158FD2320031F0D4 /* cast.h */,
				D364BB42158FD2320031F0D4 /* cmac.h */,
				D364BB43158FD2320031F0D4 /* cms.h */,
				D364BB44158FD2320031F0D4 /* comp.h */,
				D364BB45158FD2320031F0D4 /* conf.h */,
				D364BB46158FD2320031F0D4 /* conf_api.h */,
				D364BB47158FD2320031F0D4 /* crypto.h */,
				D364BB48158FD2320031F0D4 /* des.h */,
				D364BB49158FD2320031F0D4 /* des_old.h */,
				D364BB4A158FD2320031F0D4 /* dh.h */,
				D364BB4B158FD2320031F0D4 /* dsa.h */,
				D364BB4C158FD2320031F0D4 /* dso.h */,
				D364BB4D158FD2320031F0D4 /* dtls1.h */,
				D364BB4E158FD2320031F0D4 /* e_os2.h */,
				D364BB4F158FD2320031F0D4 /* ebcdic.h */,
				D364BB50158FD2320031F0D4 /* ec.h */,
				D364BB51158FD2320031F0D4 /* ecdh.h */,
				D364BB52158FD2320031F0D4 /* ecdsa.h */,
				D364BB53158FD2320031F0D4 /* engine.h */,
				D364BB54158FD2320031F0D4 /* err.h */,
				D364BB55158FD2320031F0D4 /* evp.h */,
				D364BB56158FD2320031F0D4 /* hmac.h */,
				D364BB57158FD2320031F0D4 /* idea.h */,
				D364BB58158FD2320031F0D4 /* krb5_asn.h */,
				D364BB59158FD2320031F0D4 /* kssl.h */,
				D364BB5A158FD2320031F0D4 /* lhash.h */,
				D364BB5B158FD2320031F0D4 /* md4.h */,
				D364BB5C158FD2320031F0D4 /* md5.h */,
				D364BB5D158FD2320031F0D4 /* mdc2.h */,
				D364BB5E158FD2320031F0D4 /* modes.h */,
				D364BB5F158FD2320031F0D4 /* obj_mac.h */,
				D364BB60158FD2320031F0D4 /* objects.h */,
				D364BB61158FD2320031F0D4 /* ocsp.h */,
				D364BB62158FD2320031F0D4 /* opensslconf.h */,
				D364BB63158FD2320031F0D4 /* opensslv.h */,
				D364BB64158FD2320031F0D4 /* ossl_typ.h */,
				D364BB65158FD2320031F0D4 /* pem.h */,
				D364BB66158FD2320031F0D4 /* pem2.h */,
				D364BB67158FD2320031F0D4 /* pkcs12.h */,
				D364BB68158FD2320031F0D4 /* pkcs7.h */,
				D364BB69158FD2320031F0D4 /* pqueue.h */,
				D364BB6A158FD2320031F0D4 /* rand.h */,
				D364BB6B158FD2320031F0D4 /* rc2.h */,
				D364BB6C158FD2320031F0D4 /* rc4.h */,
				D364BB6D158FD2320031F0D4 /* ripemd.h */,
				D364BB6E158FD2320031F0D4 /* rsa.h */,
				D364BB6F158FD2320031F0D4 /* safestack.h */,
				D364BB70158FD2320031F0D4 /* seed.h */,
				D364BB71158FD2320031F0D4 /* sha.h */,
				D364BB72158FD2320031F0D4 /* srp.h */,
				D364BB73158FD2320031F0D4 /* srtp.h */,
				D364BB74158FD2320031F0D4 /* ssl.h */,
				D364BB75158FD2320031F0D4 /* ssl2.h */,
				D364BB76158FD2320031F0D4 /* ssl23.h */,
				D364BB77158FD2320031F0D4 /* ssl3.h */,
				D364BB78158FD2320031F0D4 /* stack.h */,
				D364BB79158FD2320031F0D4 /* symhacks.h */,
				D364BB7A158FD2320031F0D4 /* tls1.h */,
				D364BB7B158FD2320031F0D4 /* ts.h */,
				D364BB7C158FD2320031F0D4 /* txt_db.h */,
				D364BB7D158FD2320031F0D4 /* ui.h */,
				D364BB7E158FD2320031F0D4 /* ui_compat.h */,
				D364BB7F158FD2320031F0D4 /* whrlpool.h */,
				D364BB80158FD2320031F0D4 /* x509.h */,
				D364BB81158FD2320031F0D4 /* x509_vfy.h */,
				D364BB82158FD2320031F0D4 /* x509v3.h */,
			);
			path = openssl;
			sourceTree = "<group>";
		};
		D37D993F15D7E0E20086E0EC /* Graphics */ = {
			isa = PBXGroup;
			children = (
				D35A4D21160DE98C00C94625 /* table_background.png */,
				D3BCEA5C15FCE4F7009989C5 /* facebook.png */,
				D3BCEA5D15FCE4F7009989C5 /* twitter.png */,
				D3EA07B615F39408006B7283 /* add@2x.png */,
				D392AAFF15D93CC50059FB02 /* border_notched@2x.png */,
				D392AB0015D93CC50059FB02 /* border_perforated@2x.png */,
				D392AB0115D93CC50059FB02 /* border_plain@2x.png */,
				D392AB0215D93CC50059FB02 /* border_scalloped@2x.png */,
				D392AB0315D93CC50059FB02 /* border_square@2x.png */,
				D392AB0415D93CC50059FB02 /* ColorPicker.png */,
				D392AB0615D93CC50059FB02 /* ColorPickerTarget.png */,
				D392AB0915D93CC50059FB02 /* separator.png */,
				D392AB1515DA72990059FB02 /* sheen.png */,
				D304393E15DBD77E00AA342A /* sheen_event@2x.png */,
				D37D994015D7E0E20086E0EC /* transit_boat@2x.png */,
				D37D994115D7E0E20086E0EC /* transit_bus@2x.png */,
				D37D994215D7E0E20086E0EC /* transit_generic@2x.png */,
				D37D994315D7E0E20086E0EC /* transit_plane@2x.png */,
				D37D994415D7E0E20086E0EC /* transit_train@2x.png */,
			);
			path = Graphics;
			sourceTree = "<group>";
		};
		D3E057B016A2D6AB00B0DE19 /* ZBarSDK */ = {
			isa = PBXGroup;
			children = (
				D3E057B116A2D6AB00B0DE19 /* .gitignore */,
				D3E057B216A2D6AB00B0DE19 /* zbar */,
				D3E057BC16A2D6AB00B0DE19 /* zbar.h */,
				D3E057BD16A2D6AB00B0DE19 /* ZBarCameraSimulator.h */,
				D3E057BE16A2D6AB00B0DE19 /* ZBarCaptureReader.h */,
				D3E057BF16A2D6AB00B0DE19 /* ZBarHelpController.h */,
				D3E057C016A2D6AB00B0DE19 /* ZBarImage.h */,
				D3E057C116A2D6AB00B0DE19 /* ZBarImageScanner.h */,
				D3E057C216A2D6AB00B0DE19 /* ZBarReaderController.h */,
				D3E057C316A2D6AB00B0DE19 /* ZBarReaderView.h */,
				D3E057C416A2D6AB00B0DE19 /* ZBarReaderViewController.h */,
				D3E057C516A2D6AB00B0DE19 /* ZBarSDK.h */,
				D3E057C616A2D6AB00B0DE19 /* ZBarSymbol.h */,
			);
			path = ZBarSDK;
			sourceTree = "<group>";
		};
		D3E057B216A2D6AB00B0DE19 /* zbar */ = {
			isa = PBXGroup;
			children = (
				D3E057B316A2D6AB00B0DE19 /* Decoder.h */,
				D3E057B416A2D6AB00B0DE19 /* Exception.h */,
				D3E057B516A2D6AB00B0DE19 /* Image.h */,
				D3E057B616A2D6AB00B0DE19 /* ImageScanner.h */,
				D3E057B716A2D6AB00B0DE19 /* Processor.h */,
				D3E057B816A2D6AB00B0DE19 /* Scanner.h */,
				D3E057B916A2D6AB00B0DE19 /* Symbol.h */,
				D3E057BA16A2D6AB00B0DE19 /* Video.h */,
				D3E057BB16A2D6AB00B0DE19 /* Window.h */,
			);
			path = zbar;
			sourceTree = "<group>";
		};
		D3E057C816A2D6B200B0DE19 /* ZipKit */ = {
			isa = PBXGroup;
			children = (
				D3E057C916A2D6B200B0DE19 /* GMAppleDouble+ZKAdditions.h */,
				D3E057CA16A2D6B200B0DE19 /* NSData+ZKAdditions.h */,
				D3E057CB16A2D6B200B0DE19 /* NSDate+ZKAdditions.h */,
				D3E057CC16A2D6B200B0DE19 /* NSDictionary+ZKAdditions.h */,
				D3E057CD16A2D6B200B0DE19 /* NSFileHandle+ZKAdditions.h */,
				D3E057CE16A2D6B200B0DE19 /* NSFileManager+ZKAdditions.h */,
				D3E057CF16A2D6B200B0DE19 /* NSString+ZKAdditions.h */,
				D3E057D016A2D6B200B0DE19 /* ZKArchive.h */,
				D3E057D116A2D6B200B0DE19 /* ZKCDHeader.h */,
				D3E057D216A2D6B200B0DE19 /* ZKCDTrailer.h */,
				D3E057D316A2D6B200B0DE19 /* ZKCDTrailer64.h */,
				D3E057D416A2D6B200B0DE19 /* ZKCDTrailer64Locator.h */,
				D3E057D516A2D6B200B0DE19 /* ZKDataArchive.h */,
				D3E057D616A2D6B200B0DE19 /* ZKDefs.h */,
				D3E057D716A2D6B200B0DE19 /* ZKFileArchive.h */,
				D3E057D816A2D6B200B0DE19 /* ZKLFHeader.h */,
				D3E057D916A2D6B200B0DE19 /* ZKLog.h */,
			);
			path = ZipKit;
			sourceTree = "<group>";
		};
		D3F58A30158CD6DA00A937D9 = {
			isa = PBXGroup;
			children = (
				D32525B816025BB600CFFA18 /* AppleWWDRCA.cer */,
				D312F4E9160E368800621EAF /* AVFoundation.framework */,
				D3E7997815909F18000A3E6C /* certificate.pem */,
				D312F4ED160E36B200621EAF /* CoreMedia.framework */,
				D312F4EB160E36A300621EAF /* CoreVideo.framework */,
				D32525A516022C8D00CFFA18 /* Default-568h@2x.png */,
				D3D33432158CE89900ACAA64 /* Default@2x.png */,
				D3EA07B015F37CB6006B7283 /* Defaults.plist */,
				D3F58A3E158CD6DA00A937D9 /* Frameworks */,
				D37D993F15D7E0E20086E0EC /* Graphics */,
				D3540E3E15FCC31400801B49 /* Icon.png */,
				D3540E3C15FCC30F00801B49 /* Icon@2x.png */,
				D34A27CE16A30E2B00459B57 /* key.pem */,
				D312F4E7160E35A700621EAF /* libiconv.dylib */,
				D3EA07B215F37DBD006B7283 /* MessageUI.framework */,
				D3F58A45158CD6DA00A937D9 /* Pass Creator */,
				D3F58A3C158CD6DA00A937D9 /* Products */,
				D3540E3A15FBBE4900801B49 /* StoreKit.framework */,
			);
			sourceTree = "<group>";
		};
		D3F58A3C158CD6DA00A937D9 /* Products */ = {
			isa = PBXGroup;
			children = (
				D3F58A3B158CD6DA00A937D9 /* Pass Creator.app */,
			);
			name = Products;
			sourceTree = "<group>";
		};
		D3F58A3E158CD6DA00A937D9 /* Frameworks */ = {
			isa = PBXGroup;
			children = (
				D3F58A43158CD6DA00A937D9 /* CoreGraphics.framework */,
				D39ACFF215DBCDAB00FDBE69 /* CoreImage.framework */,
				D3F58A41158CD6DA00A937D9 /* Foundation.framework */,
				D364BB83158FD24A0031F0D4 /* libcrypto.a */,
				D3D657E2158E33E80097B53A /* libz.dylib */,
				D312F49B160E2E6800621EAF /* libzbar.a */,
				D3E057DA16A2D70100B0DE19 /* libzipkit.a */,
				D364BB37158FD2320031F0D4 /* openssl */,
				D323EFD1158E012300E6A754 /* PassKit.framework */,
				D37D993215D7A5D90086E0EC /* QuartzCore.framework */,
				D3F58A3F158CD6DA00A937D9 /* UIKit.framework */,
				D3E057B016A2D6AB00B0DE19 /* ZBarSDK */,
				D3E057C816A2D6B200B0DE19 /* ZipKit */,
			);
			name = Frameworks;
			sourceTree = "<group>";
		};
		D3F58A45158CD6DA00A937D9 /* Pass Creator */ = {
			isa = PBXGroup;
			children = (
				D3F58A4E158CD6DA00A937D9 /* AppDelegate.h */,
				D3F58A4F158CD6DA00A937D9 /* AppDelegate.m */,
				D312F4C9160E2F2800621EAF /* BarScannerController.h */,
				D312F4CA160E2F2800621EAF /* BarScannerController.m */,
				D37D993415D7B3FB0086E0EC /* BorderTextField.h */,
				D37D993515D7B3FB0086E0EC /* BorderTextField.m */,
				D3540E3715FBB89100801B49 /* BuyCreditsController.h */,
				D3540E3815FBB89100801B49 /* BuyCreditsController.m */,
				D3E04A4A15D6952D00B4A959 /* ColorPickerButton.h */,
				D3E04A4B15D6952D00B4A959 /* ColorPickerButton.m */,
				D37D992815D6ADF30086E0EC /* ColorPickerCircle.h */,
				D37D992915D6ADF30086E0EC /* ColorPickerCircle.m */,
				D3E04A4D15D6A18E00B4A959 /* ColorPickerCircle.xib */,
				D34A27CD16A30B8F00459B57 /* Config.h */,
				D32E641815FB84CD00F3F874 /* Credits.h */,
				D32E641915FB84CD00F3F874 /* Credits.m */,
				D392AB1A15DA8A7A0059FB02 /* ImagePickerButton.h */,
				D392AB1815DA85620059FB02 /* ImagePickerButton.m */,
				D392AAFC15D93BC70059FB02 /* JSONKit.h */,
				D392AAFD15D93BC70059FB02 /* JSONKit.m */,
				D35A4D1E160DE81000C94625 /* LaunchImageController.h */,
				D35A4D1F160DE81000C94625 /* LaunchImageController.m */,
				D3F58A51158CD6DA00A937D9 /* MainStoryboard.storyboard */,
				D3EA07AC15F372C4006B7283 /* MainTableController.h */,
				D3EA07AD15F372C4006B7283 /* MainTableController.m */,
				D392AAF815D933500059FB02 /* Pass.h */,
				D392AAF915D933500059FB02 /* Pass.m */,
				D3B04E271592033A00836AD6 /* PassBundle.h */,
				D3B04E281592033A00836AD6 /* PassBundle.mm */,
				D3B04E291592033A00836AD6 /* PassBundleSign.cpp */,
				D3B04E2A1592033A00836AD6 /* PassBundleSign.h */,
				D3E04A4215D68A5C00B4A959 /* PassController.h */,
				D3E04A4315D68A5C00B4A959 /* PassController.m */,
				D37D992B15D6B0E20086E0EC /* ScrollViewContainingDraggable.h */,
				D37D992C15D6B0E20086E0EC /* ScrollViewContainingDraggable.m */,
				D3F58A46158CD6DA00A937D9 /* Supporting Files */,
				D39ACFF415DBCE9A00FDBE69 /* UIImage+StackBlur.h */,
				D39ACFF515DBCE9A00FDBE69 /* UIImage+StackBlur.m */,
			);
			path = "Pass Creator";
			sourceTree = "<group>";
		};
		D3F58A46158CD6DA00A937D9 /* Supporting Files */ = {
			isa = PBXGroup;
			children = (
				D3F58A47158CD6DA00A937D9 /* Pass Creator-Info.plist */,
				D3F58A48158CD6DA00A937D9 /* InfoPlist.strings */,
				D3F58A4B158CD6DA00A937D9 /* main.m */,
				D3F58A4D158CD6DA00A937D9 /* Pass Creator-Prefix.pch */,
			);
			name = "Supporting Files";
			sourceTree = "<group>";
		};
/* End PBXGroup section */

/* Begin PBXNativeTarget section */
		D3F58A3A158CD6DA00A937D9 /* Pass Creator */ = {
			isa = PBXNativeTarget;
			buildConfigurationList = D3F58A5C158CD6DA00A937D9 /* Build configuration list for PBXNativeTarget "Pass Creator" */;
			buildPhases = (
				D3F58A37158CD6DA00A937D9 /* Sources */,
				D3F58A38158CD6DA00A937D9 /* Frameworks */,
				D3F58A39158CD6DA00A937D9 /* Resources */,
			);
			buildRules = (
			);
			dependencies = (
			);
			name = "Pass Creator";
			productName = "Pass Creator";
			productReference = D3F58A3B158CD6DA00A937D9 /* Pass Creator.app */;
			productType = "com.apple.product-type.application";
		};
/* End PBXNativeTarget section */

/* Begin PBXProject section */
		D3F58A32158CD6DA00A937D9 /* Project object */ = {
			isa = PBXProject;
			attributes = {
				LastUpgradeCheck = 0450;
				ORGANIZATIONNAME = "Paul Wagener";
			};
			buildConfigurationList = D3F58A35158CD6DA00A937D9 /* Build configuration list for PBXProject "Pass Creator" */;
			compatibilityVersion = "Xcode 3.2";
			developmentRegion = English;
			hasScannedForEncodings = 0;
			knownRegions = (
				en,
			);
			mainGroup = D3F58A30158CD6DA00A937D9;
			productRefGroup = D3F58A3C158CD6DA00A937D9 /* Products */;
			projectDirPath = "";
			projectRoot = "";
			targets = (
				D3F58A3A158CD6DA00A937D9 /* Pass Creator */,
			);
		};
/* End PBXProject section */

/* Begin PBXResourcesBuildPhase section */
		D3F58A39158CD6DA00A937D9 /* Resources */ = {
			isa = PBXResourcesBuildPhase;
			buildActionMask = 2147483647;
			files = (
				D32525B916025D1700CFFA18 /* AppleWWDRCA.cer in Resources */,
				D3F58A4A158CD6DA00A937D9 /* InfoPlist.strings in Resources */,
				D3F58A53158CD6DA00A937D9 /* MainStoryboard.storyboard in Resources */,
				D3D33433158CE89900ACAA64 /* Default@2x.png in Resources */,
				D3E7997A15909F18000A3E6C /* certificate.pem in Resources */,
				D3E04A4E15D6A18E00B4A959 /* ColorPickerCircle.xib in Resources */,
				D37D994515D7E0E20086E0EC /* transit_boat@2x.png in Resources */,
				D37D994615D7E0E20086E0EC /* transit_bus@2x.png in Resources */,
				D37D994715D7E0E20086E0EC /* transit_generic@2x.png in Resources */,
				D37D994815D7E0E20086E0EC /* transit_plane@2x.png in Resources */,
				D37D994915D7E0E20086E0EC /* transit_train@2x.png in Resources */,
				D392AB0A15D93CC50059FB02 /* border_notched@2x.png in Resources */,
				D392AB0B15D93CC50059FB02 /* border_perforated@2x.png in Resources */,
				D392AB0C15D93CC50059FB02 /* border_plain@2x.png in Resources */,
				D392AB0D15D93CC50059FB02 /* border_scalloped@2x.png in Resources */,
				D392AB0E15D93CC50059FB02 /* border_square@2x.png in Resources */,
				D392AB0F15D93CC50059FB02 /* ColorPicker.png in Resources */,
				D392AB1115D93CC50059FB02 /* ColorPickerTarget.png in Resources */,
				D392AB1415D93CC50059FB02 /* separator.png in Resources */,
				D392AB1615DA72990059FB02 /* sheen.png in Resources */,
				D304393F15DBD77E00AA342A /* sheen_event@2x.png in Resources */,
				D3EA07B115F37CB6006B7283 /* Defaults.plist in Resources */,
				D3EA07B715F39408006B7283 /* add@2x.png in Resources */,
				D3540E3D15FCC30F00801B49 /* Icon@2x.png in Resources */,
				D3540E3F15FCC31400801B49 /* Icon.png in Resources */,
				D3BCEA5E15FCE4F7009989C5 /* facebook.png in Resources */,
				D3BCEA5F15FCE4F7009989C5 /* twitter.png in Resources */,
				D32525A616022C8D00CFFA18 /* Default-568h@2x.png in Resources */,
				D35A4D22160DE98C00C94625 /* table_background.png in Resources */,
				D3E057C716A2D6AB00B0DE19 /* .gitignore in Resources */,
				D34A27CF16A30E2B00459B57 /* key.pem in Resources */,
			);
			runOnlyForDeploymentPostprocessing = 0;
		};
/* End PBXResourcesBuildPhase section */

/* Begin PBXSourcesBuildPhase section */
		D3F58A37158CD6DA00A937D9 /* Sources */ = {
			isa = PBXSourcesBuildPhase;
			buildActionMask = 2147483647;
			files = (
				D3F58A4C158CD6DA00A937D9 /* main.m in Sources */,
				D3F58A50158CD6DA00A937D9 /* AppDelegate.m in Sources */,
				D3B04E2B1592033A00836AD6 /* PassBundle.mm in Sources */,
				D3B04E2C1592033A00836AD6 /* PassBundleSign.cpp in Sources */,
				D3E04A4415D68A5C00B4A959 /* PassController.m in Sources */,
				D3E04A4C15D6952D00B4A959 /* ColorPickerButton.m in Sources */,
				D37D992A15D6ADF30086E0EC /* ColorPickerCircle.m in Sources */,
				D37D992D15D6B0E20086E0EC /* ScrollViewContainingDraggable.m in Sources */,
				D37D993615D7B3FC0086E0EC /* BorderTextField.m in Sources */,
				D392AAFA15D933500059FB02 /* Pass.m in Sources */,
				D392AAFE15D93BC70059FB02 /* JSONKit.m in Sources */,
				D392AB1915DA85620059FB02 /* ImagePickerButton.m in Sources */,
				D39ACFF615DBCE9A00FDBE69 /* UIImage+StackBlur.m in Sources */,
				D3EA07AE15F372C4006B7283 /* MainTableController.m in Sources */,
				D32E641A15FB84CD00F3F874 /* Credits.m in Sources */,
				D3540E3915FBB89100801B49 /* BuyCreditsController.m in Sources */,
				D35A4D20160DE81000C94625 /* LaunchImageController.m in Sources */,
				D312F4CB160E2F2800621EAF /* BarScannerController.m in Sources */,
			);
			runOnlyForDeploymentPostprocessing = 0;
		};
/* End PBXSourcesBuildPhase section */

/* Begin PBXVariantGroup section */
		D3F58A48158CD6DA00A937D9 /* InfoPlist.strings */ = {
			isa = PBXVariantGroup;
			children = (
				D3F58A49158CD6DA00A937D9 /* en */,
			);
			name = InfoPlist.strings;
			sourceTree = "<group>";
		};
		D3F58A51158CD6DA00A937D9 /* MainStoryboard.storyboard */ = {
			isa = PBXVariantGroup;
			children = (
				D3F58A52158CD6DA00A937D9 /* en */,
			);
			name = MainStoryboard.storyboard;
			sourceTree = "<group>";
		};
/* End PBXVariantGroup section */

/* Begin XCBuildConfiguration section */
		D3F58A5A158CD6DA00A937D9 /* Debug */ = {
			isa = XCBuildConfiguration;
			buildSettings = {
				ALWAYS_SEARCH_USER_PATHS = NO;
				ARCHS = "$(ARCHS_STANDARD_32_BIT)";
				CLANG_CXX_LANGUAGE_STANDARD = "gnu++0x";
				CLANG_ENABLE_OBJC_ARC = YES;
				CLANG_WARN__DUPLICATE_METHOD_MATCH = YES;
				CODE_SIGN_ENTITLEMENTS = "Pass Creator/Pass Creator.entitlements";
				CODE_SIGN_IDENTITY = "iPhone Developer";
				"CODE_SIGN_IDENTITY[sdk=iphoneos*]" = "iPhone Developer";
				COPY_PHASE_STRIP = NO;
				FRAMEWORK_SEARCH_PATHS = .;
				GCC_C_LANGUAGE_STANDARD = gnu99;
				GCC_DYNAMIC_NO_PIC = NO;
				GCC_OPTIMIZATION_LEVEL = 0;
				GCC_PREPROCESSOR_DEFINITIONS = (
					"DEBUG=1",
					"$(inherited)",
				);
				GCC_SYMBOLS_PRIVATE_EXTERN = NO;
				GCC_WARN_ABOUT_RETURN_TYPE = YES;
				GCC_WARN_UNINITIALIZED_AUTOS = YES;
				GCC_WARN_UNUSED_VARIABLE = YES;
				INFOPLIST_FILE = "Pass Creator/Pass Creator-Info.plist";
				IPHONEOS_DEPLOYMENT_TARGET = 6.0;
				PRODUCT_NAME = "Pass Creator";
				PROVISIONING_PROFILE = "";
				"PROVISIONING_PROFILE[sdk=iphoneos*]" = "";
				SDKROOT = iphoneos;
				TARGETED_DEVICE_FAMILY = 1;
			};
			name = Debug;
		};
		D3F58A5B158CD6DA00A937D9 /* Release */ = {
			isa = XCBuildConfiguration;
			buildSettings = {
				ALWAYS_SEARCH_USER_PATHS = NO;
				ARCHS = "$(ARCHS_STANDARD_32_BIT)";
				CLANG_CXX_LANGUAGE_STANDARD = "gnu++0x";
				CLANG_ENABLE_OBJC_ARC = YES;
				CLANG_WARN__DUPLICATE_METHOD_MATCH = YES;
				CODE_SIGN_ENTITLEMENTS = "Pass Creator/Pass Creator.entitlements";
				CODE_SIGN_IDENTITY = "iPhone Developer";
				"CODE_SIGN_IDENTITY[sdk=iphoneos*]" = "iPhone Developer";
				COPY_PHASE_STRIP = YES;
				FRAMEWORK_SEARCH_PATHS = .;
				GCC_C_LANGUAGE_STANDARD = gnu99;
				GCC_WARN_ABOUT_RETURN_TYPE = YES;
				GCC_WARN_UNINITIALIZED_AUTOS = YES;
				GCC_WARN_UNUSED_VARIABLE = YES;
				INFOPLIST_FILE = "Pass Creator/Pass Creator-Info.plist";
				IPHONEOS_DEPLOYMENT_TARGET = 6.0;
				OTHER_CFLAGS = "-DNS_BLOCK_ASSERTIONS=1";
				PRODUCT_NAME = "Pass Creator";
				PROVISIONING_PROFILE = "";
				"PROVISIONING_PROFILE[sdk=iphoneos*]" = "";
				SDKROOT = iphoneos;
				TARGETED_DEVICE_FAMILY = 1;
				VALIDATE_PRODUCT = YES;
			};
			name = Release;
		};
		D3F58A5D158CD6DA00A937D9 /* Debug */ = {
			isa = XCBuildConfiguration;
			buildSettings = {
				ARCHS = "$(ARCHS_STANDARD_32_BIT)";
				CODE_SIGN_ENTITLEMENTS = "";
				GCC_PRECOMPILE_PREFIX_HEADER = YES;
				GCC_PREFIX_HEADER = "Pass Creator/Pass Creator-Prefix.pch";
				LIBRARY_SEARCH_PATHS = (
					"$(inherited)",
					"\"$(SRCROOT)\"",
				);
				OTHER_LDFLAGS = (
					"-ObjC",
					"-all_load",
				);
			};
			name = Debug;
		};
		D3F58A5E158CD6DA00A937D9 /* Release */ = {
			isa = XCBuildConfiguration;
			buildSettings = {
				ARCHS = "$(ARCHS_STANDARD_32_BIT)";
				CODE_SIGN_ENTITLEMENTS = "";
				GCC_PRECOMPILE_PREFIX_HEADER = YES;
				GCC_PREFIX_HEADER = "Pass Creator/Pass Creator-Prefix.pch";
				LIBRARY_SEARCH_PATHS = (
					"$(inherited)",
					"\"$(SRCROOT)\"",
				);
				OTHER_LDFLAGS = (
					"-ObjC",
					"-all_load",
				);
			};
			name = Release;
		};
/* End XCBuildConfiguration section */

/* Begin XCConfigurationList section */
		D3F58A35158CD6DA00A937D9 /* Build configuration list for PBXProject "Pass Creator" */ = {
			isa = XCConfigurationList;
			buildConfigurations = (
				D3F58A5A158CD6DA00A937D9 /* Debug */,
				D3F58A5B158CD6DA00A937D9 /* Release */,
			);
			defaultConfigurationIsVisible = 0;
			defaultConfigurationName = Release;
		};
		D3F58A5C158CD6DA00A937D9 /* Build configuration list for PBXNativeTarget "Pass Creator" */ = {
			isa = XCConfigurationList;
			buildConfigurations = (
				D3F58A5D158CD6DA00A937D9 /* Debug */,
				D3F58A5E158CD6DA00A937D9 /* Release */,
			);
			defaultConfigurationIsVisible = 0;
			defaultConfigurationName = Release;
		};
/* End XCConfigurationList section */
	};
	rootObject = D3F58A32158CD6DA00A937D9 /* Project object */;
}
